// !$*UTF8*$!
{
	archiveVersion = 1;
	classes = {
	};
	objectVersion = 51;
	objects = {

/* Begin PBXBuildFile section */
		AF1679E7BFEDD2D681F230C7 /* Pods_BlindCafe.framework in Frameworks */ = {isa = PBXBuildFile; fileRef = 0072E3B463BBCB4923CE3822 /* Pods_BlindCafe.framework */; };
		CD150934271F07A40020BD41 /* AppDelegate.swift in Sources */ = {isa = PBXBuildFile; fileRef = CD150933271F07A40020BD41 /* AppDelegate.swift */; };
		CD150936271F07A40020BD41 /* SceneDelegate.swift in Sources */ = {isa = PBXBuildFile; fileRef = CD150935271F07A40020BD41 /* SceneDelegate.swift */; };
		CD15093D271F07A90020BD41 /* Assets.xcassets in Resources */ = {isa = PBXBuildFile; fileRef = CD15093C271F07A90020BD41 /* Assets.xcassets */; };
		CD150940271F07A90020BD41 /* LaunchScreen.storyboard in Resources */ = {isa = PBXBuildFile; fileRef = CD15093E271F07A90020BD41 /* LaunchScreen.storyboard */; };
		CD15094C272063E60020BD41 /* LoginViewController.swift in Sources */ = {isa = PBXBuildFile; fileRef = CD15094A272063E60020BD41 /* LoginViewController.swift */; };
		CD15094D272063E60020BD41 /* LoginViewController.xib in Resources */ = {isa = PBXBuildFile; fileRef = CD15094B272063E60020BD41 /* LoginViewController.xib */; };
		CD15095327210DCB0020BD41 /* BaseTabBarController.swift in Sources */ = {isa = PBXBuildFile; fileRef = CD15095227210DCB0020BD41 /* BaseTabBarController.swift */; };
		CD15095627214BC40020BD41 /* BaseViewController.swift in Sources */ = {isa = PBXBuildFile; fileRef = CD15095527214BC40020BD41 /* BaseViewController.swift */; };
		CD15095927215B570020BD41 /* Key.swift in Sources */ = {isa = PBXBuildFile; fileRef = CD15095827215B570020BD41 /* Key.swift */; };
		CD6AA9E5272163C500DA6013 /* HomeViewController.swift in Sources */ = {isa = PBXBuildFile; fileRef = CD6AA9E3272163C500DA6013 /* HomeViewController.swift */; };
		CD6AA9E6272163C500DA6013 /* HomeViewController.xib in Resources */ = {isa = PBXBuildFile; fileRef = CD6AA9E4272163C500DA6013 /* HomeViewController.xib */; };
		CD6AA9EA2721640E00DA6013 /* ChattingViewController.swift in Sources */ = {isa = PBXBuildFile; fileRef = CD6AA9E82721640E00DA6013 /* ChattingViewController.swift */; };
		CD6AA9EB2721640E00DA6013 /* ChattingViewController.xib in Resources */ = {isa = PBXBuildFile; fileRef = CD6AA9E92721640E00DA6013 /* ChattingViewController.xib */; };
		CD6AA9F02724484F00DA6013 /* MatchedViewController.swift in Sources */ = {isa = PBXBuildFile; fileRef = CD6AA9EE2724484F00DA6013 /* MatchedViewController.swift */; };
		CD6AA9F12724484F00DA6013 /* MatchedViewController.xib in Resources */ = {isa = PBXBuildFile; fileRef = CD6AA9EF2724484F00DA6013 /* MatchedViewController.xib */; };
		CD6AA9F42724486200DA6013 /* MyPageViewController.swift in Sources */ = {isa = PBXBuildFile; fileRef = CD6AA9F22724486200DA6013 /* MyPageViewController.swift */; };
		CD6AA9F52724486200DA6013 /* MyPageViewController.xib in Resources */ = {isa = PBXBuildFile; fileRef = CD6AA9F32724486200DA6013 /* MyPageViewController.xib */; };
		CD6AA9F927266B1B00DA6013 /* OnboardingViewController.swift in Sources */ = {isa = PBXBuildFile; fileRef = CD6AA9F727266B1B00DA6013 /* OnboardingViewController.swift */; };
		CD6AA9FA27266B1B00DA6013 /* OnboardingViewController.xib in Resources */ = {isa = PBXBuildFile; fileRef = CD6AA9F827266B1B00DA6013 /* OnboardingViewController.xib */; };
		CD6AA9FE2726F3EC00DA6013 /* OnboardingCollectionViewCell.swift in Sources */ = {isa = PBXBuildFile; fileRef = CD6AA9FC2726F3EC00DA6013 /* OnboardingCollectionViewCell.swift */; };
		CD6AA9FF2726F3ED00DA6013 /* OnboardingCollectionViewCell.xib in Resources */ = {isa = PBXBuildFile; fileRef = CD6AA9FD2726F3EC00DA6013 /* OnboardingCollectionViewCell.xib */; };
		CD79E984272848EC0025CF1B /* PolicyViewController.swift in Sources */ = {isa = PBXBuildFile; fileRef = CD79E982272848EC0025CF1B /* PolicyViewController.swift */; };
		CD79E985272848EC0025CF1B /* PolicyViewController.xib in Resources */ = {isa = PBXBuildFile; fileRef = CD79E983272848EC0025CF1B /* PolicyViewController.xib */; };
		CD79E987272852F90025CF1B /* Constant.swift in Sources */ = {isa = PBXBuildFile; fileRef = CD79E986272852F90025CF1B /* Constant.swift */; };
		CD79E989272853130025CF1B /* UIViewController.swift in Sources */ = {isa = PBXBuildFile; fileRef = CD79E988272853130025CF1B /* UIViewController.swift */; };
		CD79E98B272854130025CF1B /* UIColor.swift in Sources */ = {isa = PBXBuildFile; fileRef = CD79E98A272854130025CF1B /* UIColor.swift */; };
/* End PBXBuildFile section */

/* Begin PBXFileReference section */
		0072E3B463BBCB4923CE3822 /* Pods_BlindCafe.framework */ = {isa = PBXFileReference; explicitFileType = wrapper.framework; includeInIndex = 0; path = Pods_BlindCafe.framework; sourceTree = BUILT_PRODUCTS_DIR; };
		7093578DB156614D4972D7A7 /* Pods-BlindCafe.release.xcconfig */ = {isa = PBXFileReference; includeInIndex = 1; lastKnownFileType = text.xcconfig; name = "Pods-BlindCafe.release.xcconfig"; path = "Target Support Files/Pods-BlindCafe/Pods-BlindCafe.release.xcconfig"; sourceTree = "<group>"; };
		842749AD4B6D11BB002063B0 /* Pods-BlindCafe.debug.xcconfig */ = {isa = PBXFileReference; includeInIndex = 1; lastKnownFileType = text.xcconfig; name = "Pods-BlindCafe.debug.xcconfig"; path = "Target Support Files/Pods-BlindCafe/Pods-BlindCafe.debug.xcconfig"; sourceTree = "<group>"; };
		CD150930271F07A40020BD41 /* BlindCafe.app */ = {isa = PBXFileReference; explicitFileType = wrapper.application; includeInIndex = 0; path = BlindCafe.app; sourceTree = BUILT_PRODUCTS_DIR; };
		CD150933271F07A40020BD41 /* AppDelegate.swift */ = {isa = PBXFileReference; lastKnownFileType = sourcecode.swift; path = AppDelegate.swift; sourceTree = "<group>"; };
		CD150935271F07A40020BD41 /* SceneDelegate.swift */ = {isa = PBXFileReference; lastKnownFileType = sourcecode.swift; path = SceneDelegate.swift; sourceTree = "<group>"; };
		CD15093C271F07A90020BD41 /* Assets.xcassets */ = {isa = PBXFileReference; lastKnownFileType = folder.assetcatalog; path = Assets.xcassets; sourceTree = "<group>"; };
		CD15093F271F07A90020BD41 /* Base */ = {isa = PBXFileReference; lastKnownFileType = file.storyboard; name = Base; path = Base.lproj/LaunchScreen.storyboard; sourceTree = "<group>"; };
		CD150941271F07A90020BD41 /* Info.plist */ = {isa = PBXFileReference; lastKnownFileType = text.plist.xml; path = Info.plist; sourceTree = "<group>"; };
		CD15094A272063E60020BD41 /* LoginViewController.swift */ = {isa = PBXFileReference; lastKnownFileType = sourcecode.swift; path = LoginViewController.swift; sourceTree = "<group>"; };
		CD15094B272063E60020BD41 /* LoginViewController.xib */ = {isa = PBXFileReference; lastKnownFileType = file.xib; path = LoginViewController.xib; sourceTree = "<group>"; };
		CD15095227210DCB0020BD41 /* BaseTabBarController.swift */ = {isa = PBXFileReference; lastKnownFileType = sourcecode.swift; path = BaseTabBarController.swift; sourceTree = "<group>"; };
		CD15095427211ADF0020BD41 /* BlindCafe.entitlements */ = {isa = PBXFileReference; lastKnownFileType = text.plist.entitlements; path = BlindCafe.entitlements; sourceTree = "<group>"; };
		CD15095527214BC40020BD41 /* BaseViewController.swift */ = {isa = PBXFileReference; lastKnownFileType = sourcecode.swift; path = BaseViewController.swift; sourceTree = "<group>"; };
		CD15095827215B570020BD41 /* Key.swift */ = {isa = PBXFileReference; lastKnownFileType = sourcecode.swift; path = Key.swift; sourceTree = "<group>"; };
		CD6AA9E3272163C500DA6013 /* HomeViewController.swift */ = {isa = PBXFileReference; lastKnownFileType = sourcecode.swift; path = HomeViewController.swift; sourceTree = "<group>"; };
		CD6AA9E4272163C500DA6013 /* HomeViewController.xib */ = {isa = PBXFileReference; lastKnownFileType = file.xib; path = HomeViewController.xib; sourceTree = "<group>"; };
		CD6AA9E82721640E00DA6013 /* ChattingViewController.swift */ = {isa = PBXFileReference; lastKnownFileType = sourcecode.swift; path = ChattingViewController.swift; sourceTree = "<group>"; };
		CD6AA9E92721640E00DA6013 /* ChattingViewController.xib */ = {isa = PBXFileReference; lastKnownFileType = file.xib; path = ChattingViewController.xib; sourceTree = "<group>"; };
		CD6AA9EE2724484F00DA6013 /* MatchedViewController.swift */ = {isa = PBXFileReference; lastKnownFileType = sourcecode.swift; path = MatchedViewController.swift; sourceTree = "<group>"; };
		CD6AA9EF2724484F00DA6013 /* MatchedViewController.xib */ = {isa = PBXFileReference; lastKnownFileType = file.xib; path = MatchedViewController.xib; sourceTree = "<group>"; };
		CD6AA9F22724486200DA6013 /* MyPageViewController.swift */ = {isa = PBXFileReference; lastKnownFileType = sourcecode.swift; path = MyPageViewController.swift; sourceTree = "<group>"; };
		CD6AA9F32724486200DA6013 /* MyPageViewController.xib */ = {isa = PBXFileReference; lastKnownFileType = file.xib; path = MyPageViewController.xib; sourceTree = "<group>"; };
		CD6AA9F727266B1B00DA6013 /* OnboardingViewController.swift */ = {isa = PBXFileReference; lastKnownFileType = sourcecode.swift; path = OnboardingViewController.swift; sourceTree = "<group>"; };
		CD6AA9F827266B1B00DA6013 /* OnboardingViewController.xib */ = {isa = PBXFileReference; lastKnownFileType = file.xib; path = OnboardingViewController.xib; sourceTree = "<group>"; };
		CD6AA9FC2726F3EC00DA6013 /* OnboardingCollectionViewCell.swift */ = {isa = PBXFileReference; lastKnownFileType = sourcecode.swift; path = OnboardingCollectionViewCell.swift; sourceTree = "<group>"; };
		CD6AA9FD2726F3EC00DA6013 /* OnboardingCollectionViewCell.xib */ = {isa = PBXFileReference; lastKnownFileType = file.xib; path = OnboardingCollectionViewCell.xib; sourceTree = "<group>"; };
		CD79E982272848EC0025CF1B /* PolicyViewController.swift */ = {isa = PBXFileReference; lastKnownFileType = sourcecode.swift; path = PolicyViewController.swift; sourceTree = "<group>"; };
		CD79E983272848EC0025CF1B /* PolicyViewController.xib */ = {isa = PBXFileReference; lastKnownFileType = file.xib; path = PolicyViewController.xib; sourceTree = "<group>"; };
		CD79E986272852F90025CF1B /* Constant.swift */ = {isa = PBXFileReference; lastKnownFileType = sourcecode.swift; path = Constant.swift; sourceTree = "<group>"; };
		CD79E988272853130025CF1B /* UIViewController.swift */ = {isa = PBXFileReference; lastKnownFileType = sourcecode.swift; path = UIViewController.swift; sourceTree = "<group>"; };
		CD79E98A272854130025CF1B /* UIColor.swift */ = {isa = PBXFileReference; lastKnownFileType = sourcecode.swift; path = UIColor.swift; sourceTree = "<group>"; };
/* End PBXFileReference section */

/* Begin PBXFrameworksBuildPhase section */
		CD15092D271F07A40020BD41 /* Frameworks */ = {
			isa = PBXFrameworksBuildPhase;
			buildActionMask = 2147483647;
			files = (
				AF1679E7BFEDD2D681F230C7 /* Pods_BlindCafe.framework in Frameworks */,
			);
			runOnlyForDeploymentPostprocessing = 0;
		};
/* End PBXFrameworksBuildPhase section */

/* Begin PBXGroup section */
		A9FAD3CC5703864384008AE7 /* Frameworks */ = {
			isa = PBXGroup;
			children = (
				0072E3B463BBCB4923CE3822 /* Pods_BlindCafe.framework */,
			);
			name = Frameworks;
			sourceTree = "<group>";
		};
		C1B9A618342B4F86114EDFCD /* Pods */ = {
			isa = PBXGroup;
			children = (
				842749AD4B6D11BB002063B0 /* Pods-BlindCafe.debug.xcconfig */,
				7093578DB156614D4972D7A7 /* Pods-BlindCafe.release.xcconfig */,
			);
			path = Pods;
			sourceTree = "<group>";
		};
		CD150927271F07A40020BD41 = {
			isa = PBXGroup;
			children = (
				CD150932271F07A40020BD41 /* BlindCafe */,
				CD150931271F07A40020BD41 /* Products */,
				C1B9A618342B4F86114EDFCD /* Pods */,
				A9FAD3CC5703864384008AE7 /* Frameworks */,
			);
			sourceTree = "<group>";
		};
		CD150931271F07A40020BD41 /* Products */ = {
			isa = PBXGroup;
			children = (
				CD150930271F07A40020BD41 /* BlindCafe.app */,
			);
			name = Products;
			sourceTree = "<group>";
		};
		CD150932271F07A40020BD41 /* BlindCafe */ = {
			isa = PBXGroup;
			children = (
				CD15095427211ADF0020BD41 /* BlindCafe.entitlements */,
				CD150948272062D00020BD41 /* Configuration */,
				CD150947272062CB0020BD41 /* Sources */,
				CD150933271F07A40020BD41 /* AppDelegate.swift */,
				CD150935271F07A40020BD41 /* SceneDelegate.swift */,
				CD15093C271F07A90020BD41 /* Assets.xcassets */,
				CD15093E271F07A90020BD41 /* LaunchScreen.storyboard */,
				CD150941271F07A90020BD41 /* Info.plist */,
			);
			path = BlindCafe;
			sourceTree = "<group>";
		};
		CD150947272062CB0020BD41 /* Sources */ = {
			isa = PBXGroup;
			children = (
				CD150949272063420020BD41 /* Splash */,
				CD1509512720FBE00020BD41 /* Home */,
				CD6AA9E7272163DD00DA6013 /* Chatting */,
				CD6AA9ED2724468000DA6013 /* Matched */,
				CD6AA9EC2724465100DA6013 /* MyPage */,
			);
			path = Sources;
			sourceTree = "<group>";
		};
		CD150948272062D00020BD41 /* Configuration */ = {
			isa = PBXGroup;
			children = (
				CD79E986272852F90025CF1B /* Constant.swift */,
				CD15095727215B420020BD41 /* Secret */,
				CD1509502720FAAC0020BD41 /* Extension */,
				CD15094F2720FA950020BD41 /* Base */,
			);
			path = Configuration;
			sourceTree = "<group>";
		};
		CD150949272063420020BD41 /* Splash */ = {
			isa = PBXGroup;
			children = (
				CD6AA9F627244C9600DA6013 /* Onboarding */,
				CD15094E2720FA780020BD41 /* Login */,
				CD79E9812728487A0025CF1B /* Policy */,
			);
			path = Splash;
			sourceTree = "<group>";
		};
		CD15094E2720FA780020BD41 /* Login */ = {
			isa = PBXGroup;
			children = (
				CD15094A272063E60020BD41 /* LoginViewController.swift */,
				CD15094B272063E60020BD41 /* LoginViewController.xib */,
			);
			path = Login;
			sourceTree = "<group>";
		};
		CD15094F2720FA950020BD41 /* Base */ = {
			isa = PBXGroup;
			children = (
				CD15095527214BC40020BD41 /* BaseViewController.swift */,
				CD15095227210DCB0020BD41 /* BaseTabBarController.swift */,
			);
			path = Base;
			sourceTree = "<group>";
		};
		CD1509502720FAAC0020BD41 /* Extension */ = {
			isa = PBXGroup;
			children = (
				CD79E988272853130025CF1B /* UIViewController.swift */,
				CD79E98A272854130025CF1B /* UIColor.swift */,
			);
			path = Extension;
			sourceTree = "<group>";
		};
		CD1509512720FBE00020BD41 /* Home */ = {
			isa = PBXGroup;
			children = (
				CD6AA9E3272163C500DA6013 /* HomeViewController.swift */,
				CD6AA9E4272163C500DA6013 /* HomeViewController.xib */,
			);
			path = Home;
			sourceTree = "<group>";
		};
		CD15095727215B420020BD41 /* Secret */ = {
			isa = PBXGroup;
			children = (
				CD15095827215B570020BD41 /* Key.swift */,
			);
			path = Secret;
			sourceTree = "<group>";
		};
		CD6AA9E7272163DD00DA6013 /* Chatting */ = {
			isa = PBXGroup;
			children = (
				CD6AA9E82721640E00DA6013 /* ChattingViewController.swift */,
				CD6AA9E92721640E00DA6013 /* ChattingViewController.xib */,
			);
			path = Chatting;
			sourceTree = "<group>";
		};
		CD6AA9EC2724465100DA6013 /* MyPage */ = {
			isa = PBXGroup;
			children = (
				CD6AA9F22724486200DA6013 /* MyPageViewController.swift */,
				CD6AA9F32724486200DA6013 /* MyPageViewController.xib */,
			);
			path = MyPage;
			sourceTree = "<group>";
		};
		CD6AA9ED2724468000DA6013 /* Matched */ = {
			isa = PBXGroup;
			children = (
				CD6AA9EE2724484F00DA6013 /* MatchedViewController.swift */,
				CD6AA9EF2724484F00DA6013 /* MatchedViewController.xib */,
			);
			path = Matched;
			sourceTree = "<group>";
		};
		CD6AA9F627244C9600DA6013 /* Onboarding */ = {
			isa = PBXGroup;
			children = (
				CD6AA9FB2726F3CA00DA6013 /* Cells */,
				CD6AA9F727266B1B00DA6013 /* OnboardingViewController.swift */,
				CD6AA9F827266B1B00DA6013 /* OnboardingViewController.xib */,
			);
			path = Onboarding;
			sourceTree = "<group>";
		};
		CD6AA9FB2726F3CA00DA6013 /* Cells */ = {
			isa = PBXGroup;
			children = (
				CD6AA9FC2726F3EC00DA6013 /* OnboardingCollectionViewCell.swift */,
				CD6AA9FD2726F3EC00DA6013 /* OnboardingCollectionViewCell.xib */,
			);
			path = Cells;
			sourceTree = "<group>";
		};
		CD79E9812728487A0025CF1B /* Policy */ = {
			isa = PBXGroup;
			children = (
				CD79E982272848EC0025CF1B /* PolicyViewController.swift */,
				CD79E983272848EC0025CF1B /* PolicyViewController.xib */,
			);
			path = Policy;
			sourceTree = "<group>";
		};
/* End PBXGroup section */

/* Begin PBXNativeTarget section */
		CD15092F271F07A40020BD41 /* BlindCafe */ = {
			isa = PBXNativeTarget;
			buildConfigurationList = CD150944271F07A90020BD41 /* Build configuration list for PBXNativeTarget "BlindCafe" */;
			buildPhases = (
				04546349BFAFFA4B10942F7F /* [CP] Check Pods Manifest.lock */,
				CD15092C271F07A40020BD41 /* Sources */,
				CD15092D271F07A40020BD41 /* Frameworks */,
				CD15092E271F07A40020BD41 /* Resources */,
				4DFF4B3A435B2A8B1AA6E1BE /* [CP] Embed Pods Frameworks */,
			);
			buildRules = (
			);
			dependencies = (
			);
			name = BlindCafe;
			productName = BlindCafe;
			productReference = CD150930271F07A40020BD41 /* BlindCafe.app */;
			productType = "com.apple.product-type.application";
		};
/* End PBXNativeTarget section */

/* Begin PBXProject section */
		CD150928271F07A40020BD41 /* Project object */ = {
			isa = PBXProject;
			attributes = {
				LastSwiftUpdateCheck = 1250;
				LastUpgradeCheck = 1250;
				TargetAttributes = {
					CD15092F271F07A40020BD41 = {
						CreatedOnToolsVersion = 12.5.1;
					};
				};
			};
			buildConfigurationList = CD15092B271F07A40020BD41 /* Build configuration list for PBXProject "BlindCafe" */;
			compatibilityVersion = "Xcode 9.3";
			developmentRegion = en;
			hasScannedForEncodings = 0;
			knownRegions = (
				en,
				Base,
			);
			mainGroup = CD150927271F07A40020BD41;
			productRefGroup = CD150931271F07A40020BD41 /* Products */;
			projectDirPath = "";
			projectRoot = "";
			targets = (
				CD15092F271F07A40020BD41 /* BlindCafe */,
			);
		};
/* End PBXProject section */

/* Begin PBXResourcesBuildPhase section */
		CD15092E271F07A40020BD41 /* Resources */ = {
			isa = PBXResourcesBuildPhase;
			buildActionMask = 2147483647;
			files = (
				CD6AA9F52724486200DA6013 /* MyPageViewController.xib in Resources */,
				CD150940271F07A90020BD41 /* LaunchScreen.storyboard in Resources */,
				CD79E985272848EC0025CF1B /* PolicyViewController.xib in Resources */,
				CD6AA9EB2721640E00DA6013 /* ChattingViewController.xib in Resources */,
				CD15093D271F07A90020BD41 /* Assets.xcassets in Resources */,
				CD6AA9F12724484F00DA6013 /* MatchedViewController.xib in Resources */,
				CD6AA9FF2726F3ED00DA6013 /* OnboardingCollectionViewCell.xib in Resources */,
				CD15094D272063E60020BD41 /* LoginViewController.xib in Resources */,
				CD6AA9E6272163C500DA6013 /* HomeViewController.xib in Resources */,
				CD6AA9FA27266B1B00DA6013 /* OnboardingViewController.xib in Resources */,
			);
			runOnlyForDeploymentPostprocessing = 0;
		};
/* End PBXResourcesBuildPhase section */

/* Begin PBXShellScriptBuildPhase section */
		04546349BFAFFA4B10942F7F /* [CP] Check Pods Manifest.lock */ = {
			isa = PBXShellScriptBuildPhase;
			buildActionMask = 2147483647;
			files = (
			);
			inputFileListPaths = (
			);
			inputPaths = (
				"${PODS_PODFILE_DIR_PATH}/Podfile.lock",
				"${PODS_ROOT}/Manifest.lock",
			);
			name = "[CP] Check Pods Manifest.lock";
			outputFileListPaths = (
			);
			outputPaths = (
				"$(DERIVED_FILE_DIR)/Pods-BlindCafe-checkManifestLockResult.txt",
			);
			runOnlyForDeploymentPostprocessing = 0;
			shellPath = /bin/sh;
			shellScript = "diff \"${PODS_PODFILE_DIR_PATH}/Podfile.lock\" \"${PODS_ROOT}/Manifest.lock\" > /dev/null\nif [ $? != 0 ] ; then\n    # print error to STDERR\n    echo \"error: The sandbox is not in sync with the Podfile.lock. Run 'pod install' or update your CocoaPods installation.\" >&2\n    exit 1\nfi\n# This output is used by Xcode 'outputs' to avoid re-running this script phase.\necho \"SUCCESS\" > \"${SCRIPT_OUTPUT_FILE_0}\"\n";
			showEnvVarsInLog = 0;
		};
		4DFF4B3A435B2A8B1AA6E1BE /* [CP] Embed Pods Frameworks */ = {
			isa = PBXShellScriptBuildPhase;
			buildActionMask = 2147483647;
			files = (
			);
			inputFileListPaths = (
				"${PODS_ROOT}/Target Support Files/Pods-BlindCafe/Pods-BlindCafe-frameworks-${CONFIGURATION}-input-files.xcfilelist",
			);
			name = "[CP] Embed Pods Frameworks";
			outputFileListPaths = (
				"${PODS_ROOT}/Target Support Files/Pods-BlindCafe/Pods-BlindCafe-frameworks-${CONFIGURATION}-output-files.xcfilelist",
			);
			runOnlyForDeploymentPostprocessing = 0;
			shellPath = /bin/sh;
			shellScript = "\"${PODS_ROOT}/Target Support Files/Pods-BlindCafe/Pods-BlindCafe-frameworks.sh\"\n";
			showEnvVarsInLog = 0;
		};
/* End PBXShellScriptBuildPhase section */

/* Begin PBXSourcesBuildPhase section */
		CD15092C271F07A40020BD41 /* Sources */ = {
			isa = PBXSourcesBuildPhase;
			buildActionMask = 2147483647;
			files = (
				CD6AA9EA2721640E00DA6013 /* ChattingViewController.swift in Sources */,
				CD15095627214BC40020BD41 /* BaseViewController.swift in Sources */,
				CD15095327210DCB0020BD41 /* BaseTabBarController.swift in Sources */,
				CD15094C272063E60020BD41 /* LoginViewController.swift in Sources */,
				CD6AA9F02724484F00DA6013 /* MatchedViewController.swift in Sources */,
				CD79E98B272854130025CF1B /* UIColor.swift in Sources */,
				CD6AA9F42724486200DA6013 /* MyPageViewController.swift in Sources */,
				CD150934271F07A40020BD41 /* AppDelegate.swift in Sources */,
				CD79E987272852F90025CF1B /* Constant.swift in Sources */,
				CD150936271F07A40020BD41 /* SceneDelegate.swift in Sources */,
				CD6AA9E5272163C500DA6013 /* HomeViewController.swift in Sources */,
				CD6AA9F927266B1B00DA6013 /* OnboardingViewController.swift in Sources */,
				CD15095927215B570020BD41 /* Key.swift in Sources */,
				CD6AA9FE2726F3EC00DA6013 /* OnboardingCollectionViewCell.swift in Sources */,
				CD79E984272848EC0025CF1B /* PolicyViewController.swift in Sources */,
				CD79E989272853130025CF1B /* UIViewController.swift in Sources */,
			);
			runOnlyForDeploymentPostprocessing = 0;
		};
/* End PBXSourcesBuildPhase section */

/* Begin PBXVariantGroup section */
		CD15093E271F07A90020BD41 /* LaunchScreen.storyboard */ = {
			isa = PBXVariantGroup;
			children = (
				CD15093F271F07A90020BD41 /* Base */,
			);
			name = LaunchScreen.storyboard;
			sourceTree = "<group>";
		};
/* End PBXVariantGroup section */

/* Begin XCBuildConfiguration section */
		CD150942271F07A90020BD41 /* Debug */ = {
			isa = XCBuildConfiguration;
			buildSettings = {
				ALWAYS_SEARCH_USER_PATHS = NO;
				CLANG_ANALYZER_NONNULL = YES;
				CLANG_ANALYZER_NUMBER_OBJECT_CONVERSION = YES_AGGRESSIVE;
				CLANG_CXX_LANGUAGE_STANDARD = "gnu++14";
				CLANG_CXX_LIBRARY = "libc++";
				CLANG_ENABLE_MODULES = YES;
				CLANG_ENABLE_OBJC_ARC = YES;
				CLANG_ENABLE_OBJC_WEAK = YES;
				CLANG_WARN_BLOCK_CAPTURE_AUTORELEASING = YES;
				CLANG_WARN_BOOL_CONVERSION = YES;
				CLANG_WARN_COMMA = YES;
				CLANG_WARN_CONSTANT_CONVERSION = YES;
				CLANG_WARN_DEPRECATED_OBJC_IMPLEMENTATIONS = YES;
				CLANG_WARN_DIRECT_OBJC_ISA_USAGE = YES_ERROR;
				CLANG_WARN_DOCUMENTATION_COMMENTS = YES;
				CLANG_WARN_EMPTY_BODY = YES;
				CLANG_WARN_ENUM_CONVERSION = YES;
				CLANG_WARN_INFINITE_RECURSION = YES;
				CLANG_WARN_INT_CONVERSION = YES;
				CLANG_WARN_NON_LITERAL_NULL_CONVERSION = YES;
				CLANG_WARN_OBJC_IMPLICIT_RETAIN_SELF = YES;
				CLANG_WARN_OBJC_LITERAL_CONVERSION = YES;
				CLANG_WARN_OBJC_ROOT_CLASS = YES_ERROR;
				CLANG_WARN_QUOTED_INCLUDE_IN_FRAMEWORK_HEADER = YES;
				CLANG_WARN_RANGE_LOOP_ANALYSIS = YES;
				CLANG_WARN_STRICT_PROTOTYPES = YES;
				CLANG_WARN_SUSPICIOUS_MOVE = YES;
				CLANG_WARN_UNGUARDED_AVAILABILITY = YES_AGGRESSIVE;
				CLANG_WARN_UNREACHABLE_CODE = YES;
				CLANG_WARN__DUPLICATE_METHOD_MATCH = YES;
				COPY_PHASE_STRIP = NO;
				DEBUG_INFORMATION_FORMAT = dwarf;
				ENABLE_STRICT_OBJC_MSGSEND = YES;
				ENABLE_TESTABILITY = YES;
				GCC_C_LANGUAGE_STANDARD = gnu11;
				GCC_DYNAMIC_NO_PIC = NO;
				GCC_NO_COMMON_BLOCKS = YES;
				GCC_OPTIMIZATION_LEVEL = 0;
				GCC_PREPROCESSOR_DEFINITIONS = (
					"DEBUG=1",
					"$(inherited)",
				);
				GCC_WARN_64_TO_32_BIT_CONVERSION = YES;
				GCC_WARN_ABOUT_RETURN_TYPE = YES_ERROR;
				GCC_WARN_UNDECLARED_SELECTOR = YES;
				GCC_WARN_UNINITIALIZED_AUTOS = YES_AGGRESSIVE;
				GCC_WARN_UNUSED_FUNCTION = YES;
				GCC_WARN_UNUSED_VARIABLE = YES;
				IPHONEOS_DEPLOYMENT_TARGET = 14.5;
				MTL_ENABLE_DEBUG_INFO = INCLUDE_SOURCE;
				MTL_FAST_MATH = YES;
				ONLY_ACTIVE_ARCH = YES;
				SDKROOT = iphoneos;
				SWIFT_ACTIVE_COMPILATION_CONDITIONS = DEBUG;
				SWIFT_OPTIMIZATION_LEVEL = "-Onone";
			};
			name = Debug;
		};
		CD150943271F07A90020BD41 /* Release */ = {
			isa = XCBuildConfiguration;
			buildSettings = {
				ALWAYS_SEARCH_USER_PATHS = NO;
				CLANG_ANALYZER_NONNULL = YES;
				CLANG_ANALYZER_NUMBER_OBJECT_CONVERSION = YES_AGGRESSIVE;
				CLANG_CXX_LANGUAGE_STANDARD = "gnu++14";
				CLANG_CXX_LIBRARY = "libc++";
				CLANG_ENABLE_MODULES = YES;
				CLANG_ENABLE_OBJC_ARC = YES;
				CLANG_ENABLE_OBJC_WEAK = YES;
				CLANG_WARN_BLOCK_CAPTURE_AUTORELEASING = YES;
				CLANG_WARN_BOOL_CONVERSION = YES;
				CLANG_WARN_COMMA = YES;
				CLANG_WARN_CONSTANT_CONVERSION = YES;
				CLANG_WARN_DEPRECATED_OBJC_IMPLEMENTATIONS = YES;
				CLANG_WARN_DIRECT_OBJC_ISA_USAGE = YES_ERROR;
				CLANG_WARN_DOCUMENTATION_COMMENTS = YES;
				CLANG_WARN_EMPTY_BODY = YES;
				CLANG_WARN_ENUM_CONVERSION = YES;
				CLANG_WARN_INFINITE_RECURSION = YES;
				CLANG_WARN_INT_CONVERSION = YES;
				CLANG_WARN_NON_LITERAL_NULL_CONVERSION = YES;
				CLANG_WARN_OBJC_IMPLICIT_RETAIN_SELF = YES;
				CLANG_WARN_OBJC_LITERAL_CONVERSION = YES;
				CLANG_WARN_OBJC_ROOT_CLASS = YES_ERROR;
				CLANG_WARN_QUOTED_INCLUDE_IN_FRAMEWORK_HEADER = YES;
				CLANG_WARN_RANGE_LOOP_ANALYSIS = YES;
				CLANG_WARN_STRICT_PROTOTYPES = YES;
				CLANG_WARN_SUSPICIOUS_MOVE = YES;
				CLANG_WARN_UNGUARDED_AVAILABILITY = YES_AGGRESSIVE;
				CLANG_WARN_UNREACHABLE_CODE = YES;
				CLANG_WARN__DUPLICATE_METHOD_MATCH = YES;
				COPY_PHASE_STRIP = NO;
				DEBUG_INFORMATION_FORMAT = "dwarf-with-dsym";
				ENABLE_NS_ASSERTIONS = NO;
				ENABLE_STRICT_OBJC_MSGSEND = YES;
				GCC_C_LANGUAGE_STANDARD = gnu11;
				GCC_NO_COMMON_BLOCKS = YES;
				GCC_WARN_64_TO_32_BIT_CONVERSION = YES;
				GCC_WARN_ABOUT_RETURN_TYPE = YES_ERROR;
				GCC_WARN_UNDECLARED_SELECTOR = YES;
				GCC_WARN_UNINITIALIZED_AUTOS = YES_AGGRESSIVE;
				GCC_WARN_UNUSED_FUNCTION = YES;
				GCC_WARN_UNUSED_VARIABLE = YES;
				IPHONEOS_DEPLOYMENT_TARGET = 14.5;
				MTL_ENABLE_DEBUG_INFO = NO;
				MTL_FAST_MATH = YES;
				SDKROOT = iphoneos;
				SWIFT_COMPILATION_MODE = wholemodule;
				SWIFT_OPTIMIZATION_LEVEL = "-O";
				VALIDATE_PRODUCT = YES;
			};
			name = Release;
		};
		CD150945271F07A90020BD41 /* Debug */ = {
			isa = XCBuildConfiguration;
			baseConfigurationReference = 842749AD4B6D11BB002063B0 /* Pods-BlindCafe.debug.xcconfig */;
			buildSettings = {
				ASSETCATALOG_COMPILER_APPICON_NAME = AppIcon;
				ASSETCATALOG_COMPILER_GLOBAL_ACCENT_COLOR_NAME = AccentColor;
				CODE_SIGN_ENTITLEMENTS = BlindCafe/BlindCafe.entitlements;
				CODE_SIGN_STYLE = Automatic;
				DEVELOPMENT_TEAM = 69F5355JYF;
				INFOPLIST_FILE = BlindCafe/Info.plist;
				IPHONEOS_DEPLOYMENT_TARGET = 13.0;
				LD_RUNPATH_SEARCH_PATHS = (
					"$(inherited)",
					"@executable_path/Frameworks",
				);
				PRODUCT_BUNDLE_IDENTIFIER = com.abouttime.blindcafe.ios;
				PRODUCT_NAME = "$(TARGET_NAME)";
				SWIFT_VERSION = 5.0;
				TARGETED_DEVICE_FAMILY = 1;
			};
			name = Debug;
		};
		CD150946271F07A90020BD41 /* Release */ = {
			isa = XCBuildConfiguration;
			baseConfigurationReference = 7093578DB156614D4972D7A7 /* Pods-BlindCafe.release.xcconfig */;
			buildSettings = {
				ASSETCATALOG_COMPILER_APPICON_NAME = AppIcon;
				ASSETCATALOG_COMPILER_GLOBAL_ACCENT_COLOR_NAME = AccentColor;
				CODE_SIGN_ENTITLEMENTS = BlindCafe/BlindCafe.entitlements;
				CODE_SIGN_STYLE = Automatic;
				DEVELOPMENT_TEAM = 69F5355JYF;
				INFOPLIST_FILE = BlindCafe/Info.plist;
				IPHONEOS_DEPLOYMENT_TARGET = 13.0;
				LD_RUNPATH_SEARCH_PATHS = (
					"$(inherited)",
					"@executable_path/Frameworks",
				);
				PRODUCT_BUNDLE_IDENTIFIER = com.abouttime.blindcafe.ios;
				PRODUCT_NAME = "$(TARGET_NAME)";
				SWIFT_VERSION = 5.0;
				TARGETED_DEVICE_FAMILY = 1;
			};
			name = Release;
		};
/* End XCBuildConfiguration section */

/* Begin XCConfigurationList section */
		CD15092B271F07A40020BD41 /* Build configuration list for PBXProject "BlindCafe" */ = {
			isa = XCConfigurationList;
			buildConfigurations = (
				CD150942271F07A90020BD41 /* Debug */,
				CD150943271F07A90020BD41 /* Release */,
			);
			defaultConfigurationIsVisible = 0;
			defaultConfigurationName = Release;
		};
		CD150944271F07A90020BD41 /* Build configuration list for PBXNativeTarget "BlindCafe" */ = {
			isa = XCConfigurationList;
			buildConfigurations = (
				CD150945271F07A90020BD41 /* Debug */,
				CD150946271F07A90020BD41 /* Release */,
			);
			defaultConfigurationIsVisible = 0;
			defaultConfigurationName = Release;
		};
/* End XCConfigurationList section */
	};
	rootObject = CD150928271F07A40020BD41 /* Project object */;
}
