// !$*UTF8*$!
{
	archiveVersion = 1;
	classes = {
	};
	objectVersion = 51;
	objects = {

/* Begin PBXBuildFile section */
		AF1679E7BFEDD2D681F230C7 /* Pods_BlindCafe.framework in Frameworks */ = {isa = PBXBuildFile; fileRef = 0072E3B463BBCB4923CE3822 /* Pods_BlindCafe.framework */; };
		CD0C06B3272D2E770020E858 /* UIView.swift in Sources */ = {isa = PBXBuildFile; fileRef = CD0C06B2272D2E770020E858 /* UIView.swift */; };
		CD0C06B7272D85AB0020E858 /* InitInterestViewController.swift in Sources */ = {isa = PBXBuildFile; fileRef = CD0C06B5272D85AB0020E858 /* InitInterestViewController.swift */; };
		CD0C06B8272D85AB0020E858 /* InitInterestViewController.xib in Resources */ = {isa = PBXBuildFile; fileRef = CD0C06B6272D85AB0020E858 /* InitInterestViewController.xib */; };
		CD0C06BD272FBFFB0020E858 /* InitAgeGenderViewController.swift in Sources */ = {isa = PBXBuildFile; fileRef = CD0C06BB272FBFFB0020E858 /* InitAgeGenderViewController.swift */; };
		CD0C06BE272FBFFB0020E858 /* InitAgeGenderViewController.xib in Resources */ = {isa = PBXBuildFile; fileRef = CD0C06BC272FBFFB0020E858 /* InitAgeGenderViewController.xib */; };
		CD0C06C227304A3B0020E858 /* InitNicknameViewController.swift in Sources */ = {isa = PBXBuildFile; fileRef = CD0C06C027304A3B0020E858 /* InitNicknameViewController.swift */; };
		CD0C06C327304A3B0020E858 /* InitNicknameViewController.xib in Resources */ = {isa = PBXBuildFile; fileRef = CD0C06C127304A3B0020E858 /* InitNicknameViewController.xib */; };
		CD150934271F07A40020BD41 /* AppDelegate.swift in Sources */ = {isa = PBXBuildFile; fileRef = CD150933271F07A40020BD41 /* AppDelegate.swift */; };
		CD150936271F07A40020BD41 /* SceneDelegate.swift in Sources */ = {isa = PBXBuildFile; fileRef = CD150935271F07A40020BD41 /* SceneDelegate.swift */; };
		CD15093D271F07A90020BD41 /* Assets.xcassets in Resources */ = {isa = PBXBuildFile; fileRef = CD15093C271F07A90020BD41 /* Assets.xcassets */; };
		CD150940271F07A90020BD41 /* LaunchScreen.storyboard in Resources */ = {isa = PBXBuildFile; fileRef = CD15093E271F07A90020BD41 /* LaunchScreen.storyboard */; };
		CD15094C272063E60020BD41 /* LoginViewController.swift in Sources */ = {isa = PBXBuildFile; fileRef = CD15094A272063E60020BD41 /* LoginViewController.swift */; };
		CD15094D272063E60020BD41 /* LoginViewController.xib in Resources */ = {isa = PBXBuildFile; fileRef = CD15094B272063E60020BD41 /* LoginViewController.xib */; };
		CD15095327210DCB0020BD41 /* BaseTabBarController.swift in Sources */ = {isa = PBXBuildFile; fileRef = CD15095227210DCB0020BD41 /* BaseTabBarController.swift */; };
		CD15095627214BC40020BD41 /* BaseViewController.swift in Sources */ = {isa = PBXBuildFile; fileRef = CD15095527214BC40020BD41 /* BaseViewController.swift */; };
		CD15095927215B570020BD41 /* Key.swift in Sources */ = {isa = PBXBuildFile; fileRef = CD15095827215B570020BD41 /* Key.swift */; };
		CD2971772739F46500B034F1 /* PhotoViewController.swift in Sources */ = {isa = PBXBuildFile; fileRef = CD2971752739F46500B034F1 /* PhotoViewController.swift */; };
		CD2971782739F46500B034F1 /* PhotoViewController.xib in Resources */ = {isa = PBXBuildFile; fileRef = CD2971762739F46500B034F1 /* PhotoViewController.xib */; };
		CD29717C273A157500B034F1 /* photoCollectionViewCell.swift in Sources */ = {isa = PBXBuildFile; fileRef = CD29717A273A157500B034F1 /* photoCollectionViewCell.swift */; };
		CD29717D273A157500B034F1 /* photoCollectionViewCell.xib in Resources */ = {isa = PBXBuildFile; fileRef = CD29717B273A157500B034F1 /* photoCollectionViewCell.xib */; };
		CD297180273A1DB100B034F1 /* albumListTableViewCell.swift in Sources */ = {isa = PBXBuildFile; fileRef = CD29717E273A1DB100B034F1 /* albumListTableViewCell.swift */; };
		CD297181273A1DB100B034F1 /* albumListTableViewCell.xib in Resources */ = {isa = PBXBuildFile; fileRef = CD29717F273A1DB100B034F1 /* albumListTableViewCell.xib */; };
		CD297185273A35F000B034F1 /* PHAsset.swift in Sources */ = {isa = PBXBuildFile; fileRef = CD297184273A35F000B034F1 /* PHAsset.swift */; };
		CD2AA3C9274379450088FE49 /* DoneSignUpViewController.swift in Sources */ = {isa = PBXBuildFile; fileRef = CD2AA3C7274379450088FE49 /* DoneSignUpViewController.swift */; };
		CD2AA3CA274379450088FE49 /* DoneSignUpViewController.xib in Resources */ = {isa = PBXBuildFile; fileRef = CD2AA3C8274379450088FE49 /* DoneSignUpViewController.xib */; };
		CD2AA3CC2743C5E50088FE49 /* PostUserInfoResponse.swift in Sources */ = {isa = PBXBuildFile; fileRef = CD2AA3CB2743C5E40088FE49 /* PostUserInfoResponse.swift */; };
		CD2AA3CE2743C6860088FE49 /* PostUserInfoInput.swift in Sources */ = {isa = PBXBuildFile; fileRef = CD2AA3CD2743C6850088FE49 /* PostUserInfoInput.swift */; };
		CD2AA3D02743C69E0088FE49 /* PostUserInfoDataManager.swift in Sources */ = {isa = PBXBuildFile; fileRef = CD2AA3CF2743C69E0088FE49 /* PostUserInfoDataManager.swift */; };
		CD386CA2273E8F29002D5187 /* BaseOnboardingViewController.swift in Sources */ = {isa = PBXBuildFile; fileRef = CD386CA1273E8F28002D5187 /* BaseOnboardingViewController.swift */; };
		CD693B31273F4C140035C8D2 /* InitDetailInterestViewController.swift in Sources */ = {isa = PBXBuildFile; fileRef = CD693B2F273F4C140035C8D2 /* InitDetailInterestViewController.swift */; };
		CD693B32273F4C140035C8D2 /* InitDetailInterestViewController.xib in Resources */ = {isa = PBXBuildFile; fileRef = CD693B30273F4C140035C8D2 /* InitDetailInterestViewController.xib */; };
		CD693B36273F50BC0035C8D2 /* HomeResponse.swift in Sources */ = {isa = PBXBuildFile; fileRef = CD693B35273F50BC0035C8D2 /* HomeResponse.swift */; };
		CD693B38273F52410035C8D2 /* HomeDataManager.swift in Sources */ = {isa = PBXBuildFile; fileRef = CD693B37273F52410035C8D2 /* HomeDataManager.swift */; };
		CD693B3C273F763E0035C8D2 /* SelectDrinkViewController.swift in Sources */ = {isa = PBXBuildFile; fileRef = CD693B3A273F763E0035C8D2 /* SelectDrinkViewController.swift */; };
		CD693B3D273F763E0035C8D2 /* SelectDrinkViewController.xib in Resources */ = {isa = PBXBuildFile; fileRef = CD693B3B273F763E0035C8D2 /* SelectDrinkViewController.xib */; };
		CD693B41273F837B0035C8D2 /* DrinkCollectionViewCell.swift in Sources */ = {isa = PBXBuildFile; fileRef = CD693B3F273F837B0035C8D2 /* DrinkCollectionViewCell.swift */; };
		CD693B42273F837B0035C8D2 /* DrinkCollectionViewCell.xib in Resources */ = {isa = PBXBuildFile; fileRef = CD693B40273F837B0035C8D2 /* DrinkCollectionViewCell.xib */; };
		CD6AA9E5272163C500DA6013 /* HomeViewController.swift in Sources */ = {isa = PBXBuildFile; fileRef = CD6AA9E3272163C500DA6013 /* HomeViewController.swift */; };
		CD6AA9E6272163C500DA6013 /* HomeViewController.xib in Resources */ = {isa = PBXBuildFile; fileRef = CD6AA9E4272163C500DA6013 /* HomeViewController.xib */; };
		CD6AA9F02724484F00DA6013 /* MatchedViewController.swift in Sources */ = {isa = PBXBuildFile; fileRef = CD6AA9EE2724484F00DA6013 /* MatchedViewController.swift */; };
		CD6AA9F12724484F00DA6013 /* MatchedViewController.xib in Resources */ = {isa = PBXBuildFile; fileRef = CD6AA9EF2724484F00DA6013 /* MatchedViewController.xib */; };
		CD6AA9F42724486200DA6013 /* MyPageViewController.swift in Sources */ = {isa = PBXBuildFile; fileRef = CD6AA9F22724486200DA6013 /* MyPageViewController.swift */; };
		CD6AA9F52724486200DA6013 /* MyPageViewController.xib in Resources */ = {isa = PBXBuildFile; fileRef = CD6AA9F32724486200DA6013 /* MyPageViewController.xib */; };
		CD6AA9F927266B1B00DA6013 /* OnboardingViewController.swift in Sources */ = {isa = PBXBuildFile; fileRef = CD6AA9F727266B1B00DA6013 /* OnboardingViewController.swift */; };
		CD6AA9FA27266B1B00DA6013 /* OnboardingViewController.xib in Resources */ = {isa = PBXBuildFile; fileRef = CD6AA9F827266B1B00DA6013 /* OnboardingViewController.xib */; };
		CD6AA9FE2726F3EC00DA6013 /* OnboardingCollectionViewCell.swift in Sources */ = {isa = PBXBuildFile; fileRef = CD6AA9FC2726F3EC00DA6013 /* OnboardingCollectionViewCell.swift */; };
		CD6AA9FF2726F3ED00DA6013 /* OnboardingCollectionViewCell.xib in Resources */ = {isa = PBXBuildFile; fileRef = CD6AA9FD2726F3EC00DA6013 /* OnboardingCollectionViewCell.xib */; };
		CD7661F8274282BF003ECE00 /* InterestCollectionViewCell.swift in Sources */ = {isa = PBXBuildFile; fileRef = CD7661F6274282BE003ECE00 /* InterestCollectionViewCell.swift */; };
		CD7661F9274282BF003ECE00 /* InterestCollectionViewCell.xib in Resources */ = {isa = PBXBuildFile; fileRef = CD7661F7274282BF003ECE00 /* InterestCollectionViewCell.xib */; };
		CD77567527413C6100AC699A /* ImageSendingTableViewCell.swift in Sources */ = {isa = PBXBuildFile; fileRef = CD77567327413C6100AC699A /* ImageSendingTableViewCell.swift */; };
		CD77567627413C6100AC699A /* ImageSendingTableViewCell.xib in Resources */ = {isa = PBXBuildFile; fileRef = CD77567427413C6100AC699A /* ImageSendingTableViewCell.xib */; };
		CD77567927413C7100AC699A /* ImageReceivingTableViewCell.swift in Sources */ = {isa = PBXBuildFile; fileRef = CD77567727413C7100AC699A /* ImageReceivingTableViewCell.swift */; };
		CD77567A27413C7100AC699A /* ImageReceivingTableViewCell.xib in Resources */ = {isa = PBXBuildFile; fileRef = CD77567827413C7100AC699A /* ImageReceivingTableViewCell.xib */; };
		CD77567E27424F8800AC699A /* InterestResponse.swift in Sources */ = {isa = PBXBuildFile; fileRef = CD77567D27424F8800AC699A /* InterestResponse.swift */; };
		CD77568027424F9800AC699A /* InterestDataManager.swift in Sources */ = {isa = PBXBuildFile; fileRef = CD77567F27424F9800AC699A /* InterestDataManager.swift */; };
		CD77568427425B3100AC699A /* data.json in Resources */ = {isa = PBXBuildFile; fileRef = CD77568327425B3100AC699A /* data.json */; };
		CD79E984272848EC0025CF1B /* AgreementViewController.swift in Sources */ = {isa = PBXBuildFile; fileRef = CD79E982272848EC0025CF1B /* AgreementViewController.swift */; };
		CD79E985272848EC0025CF1B /* AgreementViewController.xib in Resources */ = {isa = PBXBuildFile; fileRef = CD79E983272848EC0025CF1B /* AgreementViewController.xib */; };
		CD79E987272852F90025CF1B /* Constant.swift in Sources */ = {isa = PBXBuildFile; fileRef = CD79E986272852F90025CF1B /* Constant.swift */; };
		CD79E989272853130025CF1B /* UIViewController.swift in Sources */ = {isa = PBXBuildFile; fileRef = CD79E988272853130025CF1B /* UIViewController.swift */; };
		CD79E98B272854130025CF1B /* UIColor.swift in Sources */ = {isa = PBXBuildFile; fileRef = CD79E98A272854130025CF1B /* UIColor.swift */; };
		CD79E98F27291DA40025CF1B /* KakaoLoginDataManager.swift in Sources */ = {isa = PBXBuildFile; fileRef = CD79E98E27291DA40025CF1B /* KakaoLoginDataManager.swift */; };
		CD79E99127291DBF0025CF1B /* LoginInput.swift in Sources */ = {isa = PBXBuildFile; fileRef = CD79E99027291DBF0025CF1B /* LoginInput.swift */; };
		CD79E99327291DE90025CF1B /* LoginResponse.swift in Sources */ = {isa = PBXBuildFile; fileRef = CD79E99227291DE90025CF1B /* LoginResponse.swift */; };
		CD79E99C272BF9C30025CF1B /* AppleLoginDataManager.swift in Sources */ = {isa = PBXBuildFile; fileRef = CD79E99B272BF9C30025CF1B /* AppleLoginDataManager.swift */; };
		CD7B49A42736BAE600940809 /* ProgressBar.swift in Sources */ = {isa = PBXBuildFile; fileRef = CD7B49A32736BAE600940809 /* ProgressBar.swift */; };
		CD7CB9DB273819E7004620BB /* ReportViewController.swift in Sources */ = {isa = PBXBuildFile; fileRef = CD7CB9D9273819E7004620BB /* ReportViewController.swift */; };
		CD7CB9DC273819E7004620BB /* ReportViewController.xib in Resources */ = {isa = PBXBuildFile; fileRef = CD7CB9DA273819E7004620BB /* ReportViewController.xib */; };
		CDD149D027317800002B2897 /* UIFont.swift in Sources */ = {isa = PBXBuildFile; fileRef = CDD149CF27317800002B2897 /* UIFont.swift */; };
		CDD149D727317E8B002B2897 /* SpoqaHanSansNeo-Light.ttf in Resources */ = {isa = PBXBuildFile; fileRef = CDD149D227317E8B002B2897 /* SpoqaHanSansNeo-Light.ttf */; };
		CDD149D827317E8B002B2897 /* SpoqaHanSansNeo-Medium.ttf in Resources */ = {isa = PBXBuildFile; fileRef = CDD149D327317E8B002B2897 /* SpoqaHanSansNeo-Medium.ttf */; };
		CDD149D927317E8B002B2897 /* SpoqaHanSansNeo-Regular.ttf in Resources */ = {isa = PBXBuildFile; fileRef = CDD149D427317E8B002B2897 /* SpoqaHanSansNeo-Regular.ttf */; };
		CDD149DA27317E8B002B2897 /* SpoqaHanSansNeo-Bold.ttf in Resources */ = {isa = PBXBuildFile; fileRef = CDD149D527317E8B002B2897 /* SpoqaHanSansNeo-Bold.ttf */; };
		CDD149DB27317E8B002B2897 /* GHANACHOCOLATE.TTF in Resources */ = {isa = PBXBuildFile; fileRef = CDD149D627317E8B002B2897 /* GHANACHOCOLATE.TTF */; };
		CDD149DD273185EF002B2897 /* UITextField.swift in Sources */ = {isa = PBXBuildFile; fileRef = CDD149DC273185EF002B2897 /* UITextField.swift */; };
		CDE9B5B8273FF7DE0098AF11 /* UIStackView.swift in Sources */ = {isa = PBXBuildFile; fileRef = CDE9B5B7273FF7DE0098AF11 /* UIStackView.swift */; };
		CDF8A0C1273238A0008367F3 /* GoogleService-Info.plist in Resources */ = {isa = PBXBuildFile; fileRef = CDF8A0C0273238A0008367F3 /* GoogleService-Info.plist */; };
		CDF8A0C52732478C008367F3 /* ChattingViewController.swift in Sources */ = {isa = PBXBuildFile; fileRef = CDF8A0C32732478C008367F3 /* ChattingViewController.swift */; };
		CDF8A0C62732478C008367F3 /* ChattingViewController.xib in Resources */ = {isa = PBXBuildFile; fileRef = CDF8A0C42732478C008367F3 /* ChattingViewController.xib */; };
		CDF8A0CE2734CFD3008367F3 /* TextTableViewCell.swift in Sources */ = {isa = PBXBuildFile; fileRef = CDF8A0CC2734CFD3008367F3 /* TextTableViewCell.swift */; };
		CDF8A0CF2734CFD3008367F3 /* TextTableViewCell.xib in Resources */ = {isa = PBXBuildFile; fileRef = CDF8A0CD2734CFD3008367F3 /* TextTableViewCell.xib */; };
/* End PBXBuildFile section */

/* Begin PBXFileReference section */
		0072E3B463BBCB4923CE3822 /* Pods_BlindCafe.framework */ = {isa = PBXFileReference; explicitFileType = wrapper.framework; includeInIndex = 0; path = Pods_BlindCafe.framework; sourceTree = BUILT_PRODUCTS_DIR; };
		7093578DB156614D4972D7A7 /* Pods-BlindCafe.release.xcconfig */ = {isa = PBXFileReference; includeInIndex = 1; lastKnownFileType = text.xcconfig; name = "Pods-BlindCafe.release.xcconfig"; path = "Target Support Files/Pods-BlindCafe/Pods-BlindCafe.release.xcconfig"; sourceTree = "<group>"; };
		842749AD4B6D11BB002063B0 /* Pods-BlindCafe.debug.xcconfig */ = {isa = PBXFileReference; includeInIndex = 1; lastKnownFileType = text.xcconfig; name = "Pods-BlindCafe.debug.xcconfig"; path = "Target Support Files/Pods-BlindCafe/Pods-BlindCafe.debug.xcconfig"; sourceTree = "<group>"; };
		CD0C06B2272D2E770020E858 /* UIView.swift */ = {isa = PBXFileReference; lastKnownFileType = sourcecode.swift; path = UIView.swift; sourceTree = "<group>"; };
		CD0C06B5272D85AB0020E858 /* InitInterestViewController.swift */ = {isa = PBXFileReference; lastKnownFileType = sourcecode.swift; path = InitInterestViewController.swift; sourceTree = "<group>"; };
		CD0C06B6272D85AB0020E858 /* InitInterestViewController.xib */ = {isa = PBXFileReference; lastKnownFileType = file.xib; path = InitInterestViewController.xib; sourceTree = "<group>"; };
		CD0C06BB272FBFFB0020E858 /* InitAgeGenderViewController.swift */ = {isa = PBXFileReference; lastKnownFileType = sourcecode.swift; path = InitAgeGenderViewController.swift; sourceTree = "<group>"; };
		CD0C06BC272FBFFB0020E858 /* InitAgeGenderViewController.xib */ = {isa = PBXFileReference; lastKnownFileType = file.xib; path = InitAgeGenderViewController.xib; sourceTree = "<group>"; };
		CD0C06C027304A3B0020E858 /* InitNicknameViewController.swift */ = {isa = PBXFileReference; lastKnownFileType = sourcecode.swift; path = InitNicknameViewController.swift; sourceTree = "<group>"; };
		CD0C06C127304A3B0020E858 /* InitNicknameViewController.xib */ = {isa = PBXFileReference; lastKnownFileType = file.xib; path = InitNicknameViewController.xib; sourceTree = "<group>"; };
		CD150930271F07A40020BD41 /* BlindCafe.app */ = {isa = PBXFileReference; explicitFileType = wrapper.application; includeInIndex = 0; path = BlindCafe.app; sourceTree = BUILT_PRODUCTS_DIR; };
		CD150933271F07A40020BD41 /* AppDelegate.swift */ = {isa = PBXFileReference; lastKnownFileType = sourcecode.swift; path = AppDelegate.swift; sourceTree = "<group>"; };
		CD150935271F07A40020BD41 /* SceneDelegate.swift */ = {isa = PBXFileReference; lastKnownFileType = sourcecode.swift; path = SceneDelegate.swift; sourceTree = "<group>"; };
		CD15093C271F07A90020BD41 /* Assets.xcassets */ = {isa = PBXFileReference; lastKnownFileType = folder.assetcatalog; path = Assets.xcassets; sourceTree = "<group>"; };
		CD15093F271F07A90020BD41 /* Base */ = {isa = PBXFileReference; lastKnownFileType = file.storyboard; name = Base; path = Base.lproj/LaunchScreen.storyboard; sourceTree = "<group>"; };
		CD150941271F07A90020BD41 /* Info.plist */ = {isa = PBXFileReference; lastKnownFileType = text.plist.xml; path = Info.plist; sourceTree = "<group>"; };
		CD15094A272063E60020BD41 /* LoginViewController.swift */ = {isa = PBXFileReference; lastKnownFileType = sourcecode.swift; path = LoginViewController.swift; sourceTree = "<group>"; };
		CD15094B272063E60020BD41 /* LoginViewController.xib */ = {isa = PBXFileReference; lastKnownFileType = file.xib; path = LoginViewController.xib; sourceTree = "<group>"; };
		CD15095227210DCB0020BD41 /* BaseTabBarController.swift */ = {isa = PBXFileReference; lastKnownFileType = sourcecode.swift; path = BaseTabBarController.swift; sourceTree = "<group>"; };
		CD15095427211ADF0020BD41 /* BlindCafe.entitlements */ = {isa = PBXFileReference; lastKnownFileType = text.plist.entitlements; path = BlindCafe.entitlements; sourceTree = "<group>"; };
		CD15095527214BC40020BD41 /* BaseViewController.swift */ = {isa = PBXFileReference; lastKnownFileType = sourcecode.swift; path = BaseViewController.swift; sourceTree = "<group>"; };
		CD15095827215B570020BD41 /* Key.swift */ = {isa = PBXFileReference; lastKnownFileType = sourcecode.swift; path = Key.swift; sourceTree = "<group>"; };
		CD2971752739F46500B034F1 /* PhotoViewController.swift */ = {isa = PBXFileReference; lastKnownFileType = sourcecode.swift; path = PhotoViewController.swift; sourceTree = "<group>"; };
		CD2971762739F46500B034F1 /* PhotoViewController.xib */ = {isa = PBXFileReference; lastKnownFileType = file.xib; path = PhotoViewController.xib; sourceTree = "<group>"; };
		CD29717A273A157500B034F1 /* photoCollectionViewCell.swift */ = {isa = PBXFileReference; lastKnownFileType = sourcecode.swift; path = photoCollectionViewCell.swift; sourceTree = "<group>"; };
		CD29717B273A157500B034F1 /* photoCollectionViewCell.xib */ = {isa = PBXFileReference; lastKnownFileType = file.xib; path = photoCollectionViewCell.xib; sourceTree = "<group>"; };
		CD29717E273A1DB100B034F1 /* albumListTableViewCell.swift */ = {isa = PBXFileReference; lastKnownFileType = sourcecode.swift; path = albumListTableViewCell.swift; sourceTree = "<group>"; };
		CD29717F273A1DB100B034F1 /* albumListTableViewCell.xib */ = {isa = PBXFileReference; lastKnownFileType = file.xib; path = albumListTableViewCell.xib; sourceTree = "<group>"; };
		CD297184273A35F000B034F1 /* PHAsset.swift */ = {isa = PBXFileReference; lastKnownFileType = sourcecode.swift; path = PHAsset.swift; sourceTree = "<group>"; };
		CD2AA3C7274379450088FE49 /* DoneSignUpViewController.swift */ = {isa = PBXFileReference; lastKnownFileType = sourcecode.swift; path = DoneSignUpViewController.swift; sourceTree = "<group>"; };
		CD2AA3C8274379450088FE49 /* DoneSignUpViewController.xib */ = {isa = PBXFileReference; lastKnownFileType = file.xib; path = DoneSignUpViewController.xib; sourceTree = "<group>"; };
		CD2AA3CB2743C5E40088FE49 /* PostUserInfoResponse.swift */ = {isa = PBXFileReference; lastKnownFileType = sourcecode.swift; path = PostUserInfoResponse.swift; sourceTree = "<group>"; };
		CD2AA3CD2743C6850088FE49 /* PostUserInfoInput.swift */ = {isa = PBXFileReference; lastKnownFileType = sourcecode.swift; path = PostUserInfoInput.swift; sourceTree = "<group>"; };
		CD2AA3CF2743C69E0088FE49 /* PostUserInfoDataManager.swift */ = {isa = PBXFileReference; lastKnownFileType = sourcecode.swift; path = PostUserInfoDataManager.swift; sourceTree = "<group>"; };
		CD386CA1273E8F28002D5187 /* BaseOnboardingViewController.swift */ = {isa = PBXFileReference; lastKnownFileType = sourcecode.swift; path = BaseOnboardingViewController.swift; sourceTree = "<group>"; };
		CD693B2F273F4C140035C8D2 /* InitDetailInterestViewController.swift */ = {isa = PBXFileReference; lastKnownFileType = sourcecode.swift; path = InitDetailInterestViewController.swift; sourceTree = "<group>"; };
		CD693B30273F4C140035C8D2 /* InitDetailInterestViewController.xib */ = {isa = PBXFileReference; lastKnownFileType = file.xib; path = InitDetailInterestViewController.xib; sourceTree = "<group>"; };
		CD693B35273F50BC0035C8D2 /* HomeResponse.swift */ = {isa = PBXFileReference; lastKnownFileType = sourcecode.swift; path = HomeResponse.swift; sourceTree = "<group>"; };
		CD693B37273F52410035C8D2 /* HomeDataManager.swift */ = {isa = PBXFileReference; lastKnownFileType = sourcecode.swift; path = HomeDataManager.swift; sourceTree = "<group>"; };
		CD693B3A273F763E0035C8D2 /* SelectDrinkViewController.swift */ = {isa = PBXFileReference; lastKnownFileType = sourcecode.swift; path = SelectDrinkViewController.swift; sourceTree = "<group>"; };
		CD693B3B273F763E0035C8D2 /* SelectDrinkViewController.xib */ = {isa = PBXFileReference; lastKnownFileType = file.xib; path = SelectDrinkViewController.xib; sourceTree = "<group>"; };
		CD693B3F273F837B0035C8D2 /* DrinkCollectionViewCell.swift */ = {isa = PBXFileReference; lastKnownFileType = sourcecode.swift; path = DrinkCollectionViewCell.swift; sourceTree = "<group>"; };
		CD693B40273F837B0035C8D2 /* DrinkCollectionViewCell.xib */ = {isa = PBXFileReference; lastKnownFileType = file.xib; path = DrinkCollectionViewCell.xib; sourceTree = "<group>"; };
		CD6AA9E3272163C500DA6013 /* HomeViewController.swift */ = {isa = PBXFileReference; lastKnownFileType = sourcecode.swift; path = HomeViewController.swift; sourceTree = "<group>"; };
		CD6AA9E4272163C500DA6013 /* HomeViewController.xib */ = {isa = PBXFileReference; lastKnownFileType = file.xib; path = HomeViewController.xib; sourceTree = "<group>"; };
		CD6AA9EE2724484F00DA6013 /* MatchedViewController.swift */ = {isa = PBXFileReference; lastKnownFileType = sourcecode.swift; path = MatchedViewController.swift; sourceTree = "<group>"; };
		CD6AA9EF2724484F00DA6013 /* MatchedViewController.xib */ = {isa = PBXFileReference; lastKnownFileType = file.xib; path = MatchedViewController.xib; sourceTree = "<group>"; };
		CD6AA9F22724486200DA6013 /* MyPageViewController.swift */ = {isa = PBXFileReference; lastKnownFileType = sourcecode.swift; path = MyPageViewController.swift; sourceTree = "<group>"; };
		CD6AA9F32724486200DA6013 /* MyPageViewController.xib */ = {isa = PBXFileReference; lastKnownFileType = file.xib; path = MyPageViewController.xib; sourceTree = "<group>"; };
		CD6AA9F727266B1B00DA6013 /* OnboardingViewController.swift */ = {isa = PBXFileReference; lastKnownFileType = sourcecode.swift; path = OnboardingViewController.swift; sourceTree = "<group>"; };
		CD6AA9F827266B1B00DA6013 /* OnboardingViewController.xib */ = {isa = PBXFileReference; lastKnownFileType = file.xib; path = OnboardingViewController.xib; sourceTree = "<group>"; };
		CD6AA9FC2726F3EC00DA6013 /* OnboardingCollectionViewCell.swift */ = {isa = PBXFileReference; lastKnownFileType = sourcecode.swift; path = OnboardingCollectionViewCell.swift; sourceTree = "<group>"; };
		CD6AA9FD2726F3EC00DA6013 /* OnboardingCollectionViewCell.xib */ = {isa = PBXFileReference; lastKnownFileType = file.xib; path = OnboardingCollectionViewCell.xib; sourceTree = "<group>"; };
		CD7661F6274282BE003ECE00 /* InterestCollectionViewCell.swift */ = {isa = PBXFileReference; lastKnownFileType = sourcecode.swift; path = InterestCollectionViewCell.swift; sourceTree = "<group>"; };
		CD7661F7274282BF003ECE00 /* InterestCollectionViewCell.xib */ = {isa = PBXFileReference; lastKnownFileType = file.xib; path = InterestCollectionViewCell.xib; sourceTree = "<group>"; };
		CD77567327413C6100AC699A /* ImageSendingTableViewCell.swift */ = {isa = PBXFileReference; lastKnownFileType = sourcecode.swift; path = ImageSendingTableViewCell.swift; sourceTree = "<group>"; };
		CD77567427413C6100AC699A /* ImageSendingTableViewCell.xib */ = {isa = PBXFileReference; lastKnownFileType = file.xib; path = ImageSendingTableViewCell.xib; sourceTree = "<group>"; };
		CD77567727413C7100AC699A /* ImageReceivingTableViewCell.swift */ = {isa = PBXFileReference; lastKnownFileType = sourcecode.swift; path = ImageReceivingTableViewCell.swift; sourceTree = "<group>"; };
		CD77567827413C7100AC699A /* ImageReceivingTableViewCell.xib */ = {isa = PBXFileReference; lastKnownFileType = file.xib; path = ImageReceivingTableViewCell.xib; sourceTree = "<group>"; };
		CD77567D27424F8800AC699A /* InterestResponse.swift */ = {isa = PBXFileReference; lastKnownFileType = sourcecode.swift; path = InterestResponse.swift; sourceTree = "<group>"; };
		CD77567F27424F9800AC699A /* InterestDataManager.swift */ = {isa = PBXFileReference; lastKnownFileType = sourcecode.swift; path = InterestDataManager.swift; sourceTree = "<group>"; };
		CD77568327425B3100AC699A /* data.json */ = {isa = PBXFileReference; fileEncoding = 4; lastKnownFileType = text.json; name = data.json; path = ../../../../../../../Downloads/data.json; sourceTree = "<group>"; };
		CD79E982272848EC0025CF1B /* AgreementViewController.swift */ = {isa = PBXFileReference; lastKnownFileType = sourcecode.swift; path = AgreementViewController.swift; sourceTree = "<group>"; };
		CD79E983272848EC0025CF1B /* AgreementViewController.xib */ = {isa = PBXFileReference; lastKnownFileType = file.xib; path = AgreementViewController.xib; sourceTree = "<group>"; };
		CD79E986272852F90025CF1B /* Constant.swift */ = {isa = PBXFileReference; lastKnownFileType = sourcecode.swift; path = Constant.swift; sourceTree = "<group>"; };
		CD79E988272853130025CF1B /* UIViewController.swift */ = {isa = PBXFileReference; lastKnownFileType = sourcecode.swift; path = UIViewController.swift; sourceTree = "<group>"; };
		CD79E98A272854130025CF1B /* UIColor.swift */ = {isa = PBXFileReference; lastKnownFileType = sourcecode.swift; path = UIColor.swift; sourceTree = "<group>"; };
		CD79E98E27291DA40025CF1B /* KakaoLoginDataManager.swift */ = {isa = PBXFileReference; lastKnownFileType = sourcecode.swift; path = KakaoLoginDataManager.swift; sourceTree = "<group>"; };
		CD79E99027291DBF0025CF1B /* LoginInput.swift */ = {isa = PBXFileReference; lastKnownFileType = sourcecode.swift; path = LoginInput.swift; sourceTree = "<group>"; };
		CD79E99227291DE90025CF1B /* LoginResponse.swift */ = {isa = PBXFileReference; lastKnownFileType = sourcecode.swift; path = LoginResponse.swift; sourceTree = "<group>"; };
		CD79E99B272BF9C30025CF1B /* AppleLoginDataManager.swift */ = {isa = PBXFileReference; lastKnownFileType = sourcecode.swift; path = AppleLoginDataManager.swift; sourceTree = "<group>"; };
		CD7B49A32736BAE600940809 /* ProgressBar.swift */ = {isa = PBXFileReference; lastKnownFileType = sourcecode.swift; path = ProgressBar.swift; sourceTree = "<group>"; };
		CD7CB9D9273819E7004620BB /* ReportViewController.swift */ = {isa = PBXFileReference; lastKnownFileType = sourcecode.swift; path = ReportViewController.swift; sourceTree = "<group>"; };
		CD7CB9DA273819E7004620BB /* ReportViewController.xib */ = {isa = PBXFileReference; lastKnownFileType = file.xib; path = ReportViewController.xib; sourceTree = "<group>"; };
		CDD149CF27317800002B2897 /* UIFont.swift */ = {isa = PBXFileReference; lastKnownFileType = sourcecode.swift; path = UIFont.swift; sourceTree = "<group>"; };
		CDD149D227317E8B002B2897 /* SpoqaHanSansNeo-Light.ttf */ = {isa = PBXFileReference; lastKnownFileType = file; name = "SpoqaHanSansNeo-Light.ttf"; path = "../../../../../../../Downloads/SpoqaHanSansNeo-Light.ttf"; sourceTree = "<group>"; };
		CDD149D327317E8B002B2897 /* SpoqaHanSansNeo-Medium.ttf */ = {isa = PBXFileReference; lastKnownFileType = file; name = "SpoqaHanSansNeo-Medium.ttf"; path = "../../../../../../../Downloads/SpoqaHanSansNeo-Medium.ttf"; sourceTree = "<group>"; };
		CDD149D427317E8B002B2897 /* SpoqaHanSansNeo-Regular.ttf */ = {isa = PBXFileReference; lastKnownFileType = file; name = "SpoqaHanSansNeo-Regular.ttf"; path = "../../../../../../../Downloads/SpoqaHanSansNeo-Regular.ttf"; sourceTree = "<group>"; };
		CDD149D527317E8B002B2897 /* SpoqaHanSansNeo-Bold.ttf */ = {isa = PBXFileReference; lastKnownFileType = file; name = "SpoqaHanSansNeo-Bold.ttf"; path = "../../../../../../../Downloads/SpoqaHanSansNeo-Bold.ttf"; sourceTree = "<group>"; };
		CDD149D627317E8B002B2897 /* GHANACHOCOLATE.TTF */ = {isa = PBXFileReference; lastKnownFileType = file; name = GHANACHOCOLATE.TTF; path = ../../../../../../../Downloads/GHANACHOCOLATE.TTF; sourceTree = "<group>"; };
		CDD149DC273185EF002B2897 /* UITextField.swift */ = {isa = PBXFileReference; lastKnownFileType = sourcecode.swift; path = UITextField.swift; sourceTree = "<group>"; };
		CDE9B5B7273FF7DE0098AF11 /* UIStackView.swift */ = {isa = PBXFileReference; lastKnownFileType = sourcecode.swift; path = UIStackView.swift; sourceTree = "<group>"; };
		CDF8A0C0273238A0008367F3 /* GoogleService-Info.plist */ = {isa = PBXFileReference; fileEncoding = 4; lastKnownFileType = text.plist.xml; name = "GoogleService-Info.plist"; path = "../../../../GoogleService-Info.plist"; sourceTree = "<group>"; };
		CDF8A0C32732478C008367F3 /* ChattingViewController.swift */ = {isa = PBXFileReference; lastKnownFileType = sourcecode.swift; path = ChattingViewController.swift; sourceTree = "<group>"; };
		CDF8A0C42732478C008367F3 /* ChattingViewController.xib */ = {isa = PBXFileReference; lastKnownFileType = file.xib; path = ChattingViewController.xib; sourceTree = "<group>"; };
		CDF8A0CC2734CFD3008367F3 /* TextTableViewCell.swift */ = {isa = PBXFileReference; lastKnownFileType = sourcecode.swift; path = TextTableViewCell.swift; sourceTree = "<group>"; };
		CDF8A0CD2734CFD3008367F3 /* TextTableViewCell.xib */ = {isa = PBXFileReference; lastKnownFileType = file.xib; path = TextTableViewCell.xib; sourceTree = "<group>"; };
		F44303AD68DB09BAD42D0B43 /* Pods-BlindCafe.inhouse.xcconfig */ = {isa = PBXFileReference; includeInIndex = 1; lastKnownFileType = text.xcconfig; name = "Pods-BlindCafe.inhouse.xcconfig"; path = "Target Support Files/Pods-BlindCafe/Pods-BlindCafe.inhouse.xcconfig"; sourceTree = "<group>"; };
/* End PBXFileReference section */

/* Begin PBXFrameworksBuildPhase section */
		CD15092D271F07A40020BD41 /* Frameworks */ = {
			isa = PBXFrameworksBuildPhase;
			buildActionMask = 2147483647;
			files = (
				AF1679E7BFEDD2D681F230C7 /* Pods_BlindCafe.framework in Frameworks */,
			);
			runOnlyForDeploymentPostprocessing = 0;
		};
/* End PBXFrameworksBuildPhase section */

/* Begin PBXGroup section */
		A9FAD3CC5703864384008AE7 /* Frameworks */ = {
			isa = PBXGroup;
			children = (
				0072E3B463BBCB4923CE3822 /* Pods_BlindCafe.framework */,
			);
			name = Frameworks;
			sourceTree = "<group>";
		};
		C1B9A618342B4F86114EDFCD /* Pods */ = {
			isa = PBXGroup;
			children = (
				842749AD4B6D11BB002063B0 /* Pods-BlindCafe.debug.xcconfig */,
				7093578DB156614D4972D7A7 /* Pods-BlindCafe.release.xcconfig */,
				F44303AD68DB09BAD42D0B43 /* Pods-BlindCafe.inhouse.xcconfig */,
			);
			path = Pods;
			sourceTree = "<group>";
		};
		CD0C06B4272D80240020E858 /* ProfileInit */ = {
			isa = PBXGroup;
			children = (
				CD0C06BA272DB37A0020E858 /* InitAgeGender */,
				CD0C06BF27304A180020E858 /* InitNickname */,
				CD0C06B9272D85B20020E858 /* InitInterest */,
				CD693B2E273F4BE70035C8D2 /* InitDetailInterest */,
			);
			path = ProfileInit;
			sourceTree = "<group>";
		};
		CD0C06B9272D85B20020E858 /* InitInterest */ = {
			isa = PBXGroup;
			children = (
				CD0C06B5272D85AB0020E858 /* InitInterestViewController.swift */,
				CD0C06B6272D85AB0020E858 /* InitInterestViewController.xib */,
			);
			path = InitInterest;
			sourceTree = "<group>";
		};
		CD0C06BA272DB37A0020E858 /* InitAgeGender */ = {
			isa = PBXGroup;
			children = (
				CD0C06BB272FBFFB0020E858 /* InitAgeGenderViewController.swift */,
				CD0C06BC272FBFFB0020E858 /* InitAgeGenderViewController.xib */,
			);
			path = InitAgeGender;
			sourceTree = "<group>";
		};
		CD0C06BF27304A180020E858 /* InitNickname */ = {
			isa = PBXGroup;
			children = (
				CD0C06C027304A3B0020E858 /* InitNicknameViewController.swift */,
				CD0C06C127304A3B0020E858 /* InitNicknameViewController.xib */,
			);
			path = InitNickname;
			sourceTree = "<group>";
		};
		CD150927271F07A40020BD41 = {
			isa = PBXGroup;
			children = (
				CD150932271F07A40020BD41 /* BlindCafe */,
				CD150931271F07A40020BD41 /* Products */,
				C1B9A618342B4F86114EDFCD /* Pods */,
				A9FAD3CC5703864384008AE7 /* Frameworks */,
			);
			sourceTree = "<group>";
		};
		CD150931271F07A40020BD41 /* Products */ = {
			isa = PBXGroup;
			children = (
				CD150930271F07A40020BD41 /* BlindCafe.app */,
			);
			name = Products;
			sourceTree = "<group>";
		};
		CD150932271F07A40020BD41 /* BlindCafe */ = {
			isa = PBXGroup;
			children = (
				CD15095427211ADF0020BD41 /* BlindCafe.entitlements */,
				CD150948272062D00020BD41 /* Configuration */,
				CD150947272062CB0020BD41 /* Sources */,
				CD150933271F07A40020BD41 /* AppDelegate.swift */,
				CD150935271F07A40020BD41 /* SceneDelegate.swift */,
				CD15093C271F07A90020BD41 /* Assets.xcassets */,
				CD15093E271F07A90020BD41 /* LaunchScreen.storyboard */,
				CD150941271F07A90020BD41 /* Info.plist */,
				CDF8A0C0273238A0008367F3 /* GoogleService-Info.plist */,
			);
			path = BlindCafe;
			sourceTree = "<group>";
		};
		CD150947272062CB0020BD41 /* Sources */ = {
			isa = PBXGroup;
			children = (
				CD150949272063420020BD41 /* Splash */,
				CD1509512720FBE00020BD41 /* Home */,
				CD6AA9ED2724468000DA6013 /* Matched */,
				CD6AA9EC2724465100DA6013 /* MyPage */,
				CDF8A0C227324772008367F3 /* Chatting */,
				CD693B39273F76230035C8D2 /* SelectDrink */,
			);
			path = Sources;
			sourceTree = "<group>";
		};
		CD150948272062D00020BD41 /* Configuration */ = {
			isa = PBXGroup;
			children = (
				CD79E986272852F90025CF1B /* Constant.swift */,
				CD15095727215B420020BD41 /* Secret */,
				CDD149C92731605E002B2897 /* Font */,
				CD1509502720FAAC0020BD41 /* Extension */,
				CD79E9942729204D0025CF1B /* CommonClass */,
				CD15094F2720FA950020BD41 /* Base */,
			);
			path = Configuration;
			sourceTree = "<group>";
		};
		CD150949272063420020BD41 /* Splash */ = {
			isa = PBXGroup;
			children = (
				CD6AA9F627244C9600DA6013 /* Onboarding */,
				CD15094E2720FA780020BD41 /* Login */,
				CD79E9812728487A0025CF1B /* Agreement */,
				CD0C06B4272D80240020E858 /* ProfileInit */,
				CD693B45273FDFF00035C8D2 /* DoneSignUp */,
			);
			path = Splash;
			sourceTree = "<group>";
		};
		CD15094E2720FA780020BD41 /* Login */ = {
			isa = PBXGroup;
			children = (
				CD79E98D27291CFF0025CF1B /* Entity */,
				CD79E98C27291CF70025CF1B /* DataManager */,
				CD15094A272063E60020BD41 /* LoginViewController.swift */,
				CD15094B272063E60020BD41 /* LoginViewController.xib */,
			);
			path = Login;
			sourceTree = "<group>";
		};
		CD15094F2720FA950020BD41 /* Base */ = {
			isa = PBXGroup;
			children = (
				CD15095527214BC40020BD41 /* BaseViewController.swift */,
				CD15095227210DCB0020BD41 /* BaseTabBarController.swift */,
				CD386CA1273E8F28002D5187 /* BaseOnboardingViewController.swift */,
			);
			path = Base;
			sourceTree = "<group>";
		};
		CD1509502720FAAC0020BD41 /* Extension */ = {
			isa = PBXGroup;
			children = (
				CD79E988272853130025CF1B /* UIViewController.swift */,
				CD79E98A272854130025CF1B /* UIColor.swift */,
				CD0C06B2272D2E770020E858 /* UIView.swift */,
				CDD149CF27317800002B2897 /* UIFont.swift */,
				CDD149DC273185EF002B2897 /* UITextField.swift */,
				CD297184273A35F000B034F1 /* PHAsset.swift */,
				CDE9B5B7273FF7DE0098AF11 /* UIStackView.swift */,
			);
			path = Extension;
			sourceTree = "<group>";
		};
		CD1509512720FBE00020BD41 /* Home */ = {
			isa = PBXGroup;
			children = (
				CD693B33273F50A50035C8D2 /* Entity */,
				CD693B34273F50AB0035C8D2 /* DataManager */,
				CD6AA9E3272163C500DA6013 /* HomeViewController.swift */,
				CD6AA9E4272163C500DA6013 /* HomeViewController.xib */,
				CD7B49A32736BAE600940809 /* ProgressBar.swift */,
			);
			path = Home;
			sourceTree = "<group>";
		};
		CD15095727215B420020BD41 /* Secret */ = {
			isa = PBXGroup;
			children = (
				CD15095827215B570020BD41 /* Key.swift */,
			);
			path = Secret;
			sourceTree = "<group>";
		};
		CD2971742739F19D00B034F1 /* Photo */ = {
			isa = PBXGroup;
			children = (
				CD297179273A155700B034F1 /* Cells */,
				CD2971752739F46500B034F1 /* PhotoViewController.swift */,
				CD2971762739F46500B034F1 /* PhotoViewController.xib */,
			);
			path = Photo;
			sourceTree = "<group>";
		};
		CD297179273A155700B034F1 /* Cells */ = {
			isa = PBXGroup;
			children = (
				CD29717A273A157500B034F1 /* photoCollectionViewCell.swift */,
				CD29717B273A157500B034F1 /* photoCollectionViewCell.xib */,
				CD29717E273A1DB100B034F1 /* albumListTableViewCell.swift */,
				CD29717F273A1DB100B034F1 /* albumListTableViewCell.xib */,
			);
			path = Cells;
			sourceTree = "<group>";
		};
		CD693B2E273F4BE70035C8D2 /* InitDetailInterest */ = {
			isa = PBXGroup;
			children = (
				CD77567B27424F5000AC699A /* Entity */,
				CD77567C27424F5600AC699A /* DataManager */,
				CD7661F5274282A3003ECE00 /* Cells */,
				CD693B2F273F4C140035C8D2 /* InitDetailInterestViewController.swift */,
				CD693B30273F4C140035C8D2 /* InitDetailInterestViewController.xib */,
			);
			path = InitDetailInterest;
			sourceTree = "<group>";
		};
		CD693B33273F50A50035C8D2 /* Entity */ = {
			isa = PBXGroup;
			children = (
				CD693B35273F50BC0035C8D2 /* HomeResponse.swift */,
			);
			path = Entity;
			sourceTree = "<group>";
		};
		CD693B34273F50AB0035C8D2 /* DataManager */ = {
			isa = PBXGroup;
			children = (
				CD693B37273F52410035C8D2 /* HomeDataManager.swift */,
			);
			path = DataManager;
			sourceTree = "<group>";
		};
		CD693B39273F76230035C8D2 /* SelectDrink */ = {
			isa = PBXGroup;
			children = (
				CD693B3E273F83650035C8D2 /* Cells */,
				CD693B3A273F763E0035C8D2 /* SelectDrinkViewController.swift */,
				CD693B3B273F763E0035C8D2 /* SelectDrinkViewController.xib */,
			);
			path = SelectDrink;
			sourceTree = "<group>";
		};
		CD693B3E273F83650035C8D2 /* Cells */ = {
			isa = PBXGroup;
			children = (
				CD693B3F273F837B0035C8D2 /* DrinkCollectionViewCell.swift */,
				CD693B40273F837B0035C8D2 /* DrinkCollectionViewCell.xib */,
			);
			path = Cells;
			sourceTree = "<group>";
		};
		CD693B45273FDFF00035C8D2 /* DoneSignUp */ = {
			isa = PBXGroup;
			children = (
				CD2AA3C7274379450088FE49 /* DoneSignUpViewController.swift */,
				CD2AA3C8274379450088FE49 /* DoneSignUpViewController.xib */,
			);
			path = DoneSignUp;
			sourceTree = "<group>";
		};
		CD6AA9EC2724465100DA6013 /* MyPage */ = {
			isa = PBXGroup;
			children = (
				CD6AA9F22724486200DA6013 /* MyPageViewController.swift */,
				CD6AA9F32724486200DA6013 /* MyPageViewController.xib */,
			);
			path = MyPage;
			sourceTree = "<group>";
		};
		CD6AA9ED2724468000DA6013 /* Matched */ = {
			isa = PBXGroup;
			children = (
				CD6AA9EE2724484F00DA6013 /* MatchedViewController.swift */,
				CD6AA9EF2724484F00DA6013 /* MatchedViewController.xib */,
			);
			path = Matched;
			sourceTree = "<group>";
		};
		CD6AA9F627244C9600DA6013 /* Onboarding */ = {
			isa = PBXGroup;
			children = (
				CD6AA9FB2726F3CA00DA6013 /* Cells */,
				CD6AA9F727266B1B00DA6013 /* OnboardingViewController.swift */,
				CD6AA9F827266B1B00DA6013 /* OnboardingViewController.xib */,
			);
			path = Onboarding;
			sourceTree = "<group>";
		};
		CD6AA9FB2726F3CA00DA6013 /* Cells */ = {
			isa = PBXGroup;
			children = (
				CD6AA9FC2726F3EC00DA6013 /* OnboardingCollectionViewCell.swift */,
				CD6AA9FD2726F3EC00DA6013 /* OnboardingCollectionViewCell.xib */,
			);
			path = Cells;
			sourceTree = "<group>";
		};
		CD7661F5274282A3003ECE00 /* Cells */ = {
			isa = PBXGroup;
			children = (
				CD7661F6274282BE003ECE00 /* InterestCollectionViewCell.swift */,
				CD7661F7274282BF003ECE00 /* InterestCollectionViewCell.xib */,
			);
			path = Cells;
			sourceTree = "<group>";
		};
		CD77567B27424F5000AC699A /* Entity */ = {
			isa = PBXGroup;
			children = (
				CD77567D27424F8800AC699A /* InterestResponse.swift */,
				CD2AA3CD2743C6850088FE49 /* PostUserInfoInput.swift */,
				CD2AA3CB2743C5E40088FE49 /* PostUserInfoResponse.swift */,
			);
			path = Entity;
			sourceTree = "<group>";
		};
		CD77567C27424F5600AC699A /* DataManager */ = {
			isa = PBXGroup;
			children = (
				CD77567F27424F9800AC699A /* InterestDataManager.swift */,
				CD2AA3CF2743C69E0088FE49 /* PostUserInfoDataManager.swift */,
			);
			path = DataManager;
			sourceTree = "<group>";
		};
		CD79E9812728487A0025CF1B /* Agreement */ = {
			isa = PBXGroup;
			children = (
				CD79E982272848EC0025CF1B /* AgreementViewController.swift */,
				CD79E983272848EC0025CF1B /* AgreementViewController.xib */,
			);
			path = Agreement;
			sourceTree = "<group>";
		};
		CD79E98C27291CF70025CF1B /* DataManager */ = {
			isa = PBXGroup;
			children = (
				CD79E98E27291DA40025CF1B /* KakaoLoginDataManager.swift */,
				CD79E99B272BF9C30025CF1B /* AppleLoginDataManager.swift */,
			);
			path = DataManager;
			sourceTree = "<group>";
		};
		CD79E98D27291CFF0025CF1B /* Entity */ = {
			isa = PBXGroup;
			children = (
				CD79E99027291DBF0025CF1B /* LoginInput.swift */,
				CD79E99227291DE90025CF1B /* LoginResponse.swift */,
			);
			path = Entity;
			sourceTree = "<group>";
		};
		CD79E9942729204D0025CF1B /* CommonClass */ = {
			isa = PBXGroup;
			children = (
				CD77568327425B3100AC699A /* data.json */,
			);
			path = CommonClass;
			sourceTree = "<group>";
		};
		CD7CB9D827381899004620BB /* Alerts */ = {
			isa = PBXGroup;
			children = (
				CD7CB9D9273819E7004620BB /* ReportViewController.swift */,
				CD7CB9DA273819E7004620BB /* ReportViewController.xib */,
			);
			path = Alerts;
			sourceTree = "<group>";
		};
		CDD149C92731605E002B2897 /* Font */ = {
			isa = PBXGroup;
			children = (
				CDD149D627317E8B002B2897 /* GHANACHOCOLATE.TTF */,
				CDD149D527317E8B002B2897 /* SpoqaHanSansNeo-Bold.ttf */,
				CDD149D227317E8B002B2897 /* SpoqaHanSansNeo-Light.ttf */,
				CDD149D327317E8B002B2897 /* SpoqaHanSansNeo-Medium.ttf */,
				CDD149D427317E8B002B2897 /* SpoqaHanSansNeo-Regular.ttf */,
			);
			path = Font;
			sourceTree = "<group>";
		};
		CDF8A0C227324772008367F3 /* Chatting */ = {
			isa = PBXGroup;
			children = (
				CD2971742739F19D00B034F1 /* Photo */,
				CD7CB9D827381899004620BB /* Alerts */,
				CDF8A0C72732CA2A008367F3 /* Cells */,
				CDF8A0C32732478C008367F3 /* ChattingViewController.swift */,
				CDF8A0C42732478C008367F3 /* ChattingViewController.xib */,
			);
			path = Chatting;
			sourceTree = "<group>";
		};
		CDF8A0C72732CA2A008367F3 /* Cells */ = {
			isa = PBXGroup;
			children = (
				CDF8A0CC2734CFD3008367F3 /* TextTableViewCell.swift */,
				CDF8A0CD2734CFD3008367F3 /* TextTableViewCell.xib */,
				CD77567327413C6100AC699A /* ImageSendingTableViewCell.swift */,
				CD77567427413C6100AC699A /* ImageSendingTableViewCell.xib */,
				CD77567727413C7100AC699A /* ImageReceivingTableViewCell.swift */,
				CD77567827413C7100AC699A /* ImageReceivingTableViewCell.xib */,
			);
			path = Cells;
			sourceTree = "<group>";
		};
/* End PBXGroup section */

/* Begin PBXNativeTarget section */
		CD15092F271F07A40020BD41 /* BlindCafe */ = {
			isa = PBXNativeTarget;
			buildConfigurationList = CD150944271F07A90020BD41 /* Build configuration list for PBXNativeTarget "BlindCafe" */;
			buildPhases = (
				04546349BFAFFA4B10942F7F /* [CP] Check Pods Manifest.lock */,
				CD15092C271F07A40020BD41 /* Sources */,
				CD15092D271F07A40020BD41 /* Frameworks */,
				CD15092E271F07A40020BD41 /* Resources */,
				4DFF4B3A435B2A8B1AA6E1BE /* [CP] Embed Pods Frameworks */,
			);
			buildRules = (
			);
			dependencies = (
			);
			name = BlindCafe;
			productName = BlindCafe;
			productReference = CD150930271F07A40020BD41 /* BlindCafe.app */;
			productType = "com.apple.product-type.application";
		};
/* End PBXNativeTarget section */

/* Begin PBXProject section */
		CD150928271F07A40020BD41 /* Project object */ = {
			isa = PBXProject;
			attributes = {
				LastSwiftUpdateCheck = 1250;
				LastUpgradeCheck = 1250;
				TargetAttributes = {
					CD15092F271F07A40020BD41 = {
						CreatedOnToolsVersion = 12.5.1;
					};
				};
			};
			buildConfigurationList = CD15092B271F07A40020BD41 /* Build configuration list for PBXProject "BlindCafe" */;
			compatibilityVersion = "Xcode 9.3";
			developmentRegion = en;
			hasScannedForEncodings = 0;
			knownRegions = (
				en,
				Base,
			);
			mainGroup = CD150927271F07A40020BD41;
			productRefGroup = CD150931271F07A40020BD41 /* Products */;
			projectDirPath = "";
			projectRoot = "";
			targets = (
				CD15092F271F07A40020BD41 /* BlindCafe */,
			);
		};
/* End PBXProject section */

/* Begin PBXResourcesBuildPhase section */
		CD15092E271F07A40020BD41 /* Resources */ = {
			isa = PBXResourcesBuildPhase;
			buildActionMask = 2147483647;
			files = (
				CD6AA9F52724486200DA6013 /* MyPageViewController.xib in Resources */,
				CDD149DB27317E8B002B2897 /* GHANACHOCOLATE.TTF in Resources */,
				CD0C06BE272FBFFB0020E858 /* InitAgeGenderViewController.xib in Resources */,
				CD7661F9274282BF003ECE00 /* InterestCollectionViewCell.xib in Resources */,
				CDD149D727317E8B002B2897 /* SpoqaHanSansNeo-Light.ttf in Resources */,
				CDD149DA27317E8B002B2897 /* SpoqaHanSansNeo-Bold.ttf in Resources */,
				CDD149D827317E8B002B2897 /* SpoqaHanSansNeo-Medium.ttf in Resources */,
				CD150940271F07A90020BD41 /* LaunchScreen.storyboard in Resources */,
				CD2AA3CA274379450088FE49 /* DoneSignUpViewController.xib in Resources */,
				CD0C06B8272D85AB0020E858 /* InitInterestViewController.xib in Resources */,
				CD79E985272848EC0025CF1B /* AgreementViewController.xib in Resources */,
				CD693B3D273F763E0035C8D2 /* SelectDrinkViewController.xib in Resources */,
				CDF8A0C62732478C008367F3 /* ChattingViewController.xib in Resources */,
				CDD149D927317E8B002B2897 /* SpoqaHanSansNeo-Regular.ttf in Resources */,
				CD15093D271F07A90020BD41 /* Assets.xcassets in Resources */,
				CD77568427425B3100AC699A /* data.json in Resources */,
				CD2971782739F46500B034F1 /* PhotoViewController.xib in Resources */,
				CDF8A0C1273238A0008367F3 /* GoogleService-Info.plist in Resources */,
				CD7CB9DC273819E7004620BB /* ReportViewController.xib in Resources */,
				CD6AA9F12724484F00DA6013 /* MatchedViewController.xib in Resources */,
				CD6AA9FF2726F3ED00DA6013 /* OnboardingCollectionViewCell.xib in Resources */,
				CD15094D272063E60020BD41 /* LoginViewController.xib in Resources */,
				CD297181273A1DB100B034F1 /* albumListTableViewCell.xib in Resources */,
				CD77567A27413C7100AC699A /* ImageReceivingTableViewCell.xib in Resources */,
				CD77567627413C6100AC699A /* ImageSendingTableViewCell.xib in Resources */,
				CD0C06C327304A3B0020E858 /* InitNicknameViewController.xib in Resources */,
				CDF8A0CF2734CFD3008367F3 /* TextTableViewCell.xib in Resources */,
				CD693B42273F837B0035C8D2 /* DrinkCollectionViewCell.xib in Resources */,
				CD29717D273A157500B034F1 /* photoCollectionViewCell.xib in Resources */,
				CD693B32273F4C140035C8D2 /* InitDetailInterestViewController.xib in Resources */,
				CD6AA9E6272163C500DA6013 /* HomeViewController.xib in Resources */,
				CD6AA9FA27266B1B00DA6013 /* OnboardingViewController.xib in Resources */,
			);
			runOnlyForDeploymentPostprocessing = 0;
		};
/* End PBXResourcesBuildPhase section */

/* Begin PBXShellScriptBuildPhase section */
		04546349BFAFFA4B10942F7F /* [CP] Check Pods Manifest.lock */ = {
			isa = PBXShellScriptBuildPhase;
			buildActionMask = 2147483647;
			files = (
			);
			inputFileListPaths = (
			);
			inputPaths = (
				"${PODS_PODFILE_DIR_PATH}/Podfile.lock",
				"${PODS_ROOT}/Manifest.lock",
			);
			name = "[CP] Check Pods Manifest.lock";
			outputFileListPaths = (
			);
			outputPaths = (
				"$(DERIVED_FILE_DIR)/Pods-BlindCafe-checkManifestLockResult.txt",
			);
			runOnlyForDeploymentPostprocessing = 0;
			shellPath = /bin/sh;
			shellScript = "diff \"${PODS_PODFILE_DIR_PATH}/Podfile.lock\" \"${PODS_ROOT}/Manifest.lock\" > /dev/null\nif [ $? != 0 ] ; then\n    # print error to STDERR\n    echo \"error: The sandbox is not in sync with the Podfile.lock. Run 'pod install' or update your CocoaPods installation.\" >&2\n    exit 1\nfi\n# This output is used by Xcode 'outputs' to avoid re-running this script phase.\necho \"SUCCESS\" > \"${SCRIPT_OUTPUT_FILE_0}\"\n";
			showEnvVarsInLog = 0;
		};
		4DFF4B3A435B2A8B1AA6E1BE /* [CP] Embed Pods Frameworks */ = {
			isa = PBXShellScriptBuildPhase;
			buildActionMask = 2147483647;
			files = (
			);
			inputFileListPaths = (
				"${PODS_ROOT}/Target Support Files/Pods-BlindCafe/Pods-BlindCafe-frameworks-${CONFIGURATION}-input-files.xcfilelist",
			);
			name = "[CP] Embed Pods Frameworks";
			outputFileListPaths = (
				"${PODS_ROOT}/Target Support Files/Pods-BlindCafe/Pods-BlindCafe-frameworks-${CONFIGURATION}-output-files.xcfilelist",
			);
			runOnlyForDeploymentPostprocessing = 0;
			shellPath = /bin/sh;
			shellScript = "\"${PODS_ROOT}/Target Support Files/Pods-BlindCafe/Pods-BlindCafe-frameworks.sh\"\n";
			showEnvVarsInLog = 0;
		};
/* End PBXShellScriptBuildPhase section */

/* Begin PBXSourcesBuildPhase section */
		CD15092C271F07A40020BD41 /* Sources */ = {
			isa = PBXSourcesBuildPhase;
			buildActionMask = 2147483647;
			files = (
				CD15095627214BC40020BD41 /* BaseViewController.swift in Sources */,
				CD2AA3CC2743C5E50088FE49 /* PostUserInfoResponse.swift in Sources */,
				CD29717C273A157500B034F1 /* photoCollectionViewCell.swift in Sources */,
				CD7661F8274282BF003ECE00 /* InterestCollectionViewCell.swift in Sources */,
				CD386CA2273E8F29002D5187 /* BaseOnboardingViewController.swift in Sources */,
				CD2AA3C9274379450088FE49 /* DoneSignUpViewController.swift in Sources */,
				CD693B41273F837B0035C8D2 /* DrinkCollectionViewCell.swift in Sources */,
				CD7B49A42736BAE600940809 /* ProgressBar.swift in Sources */,
				CD15095327210DCB0020BD41 /* BaseTabBarController.swift in Sources */,
				CD2971772739F46500B034F1 /* PhotoViewController.swift in Sources */,
				CD15094C272063E60020BD41 /* LoginViewController.swift in Sources */,
				CD79E99127291DBF0025CF1B /* LoginInput.swift in Sources */,
				CDF8A0CE2734CFD3008367F3 /* TextTableViewCell.swift in Sources */,
				CD6AA9F02724484F00DA6013 /* MatchedViewController.swift in Sources */,
				CDD149DD273185EF002B2897 /* UITextField.swift in Sources */,
				CDF8A0C52732478C008367F3 /* ChattingViewController.swift in Sources */,
				CD297185273A35F000B034F1 /* PHAsset.swift in Sources */,
				CD79E98B272854130025CF1B /* UIColor.swift in Sources */,
				CD693B38273F52410035C8D2 /* HomeDataManager.swift in Sources */,
				CD6AA9F42724486200DA6013 /* MyPageViewController.swift in Sources */,
				CD150934271F07A40020BD41 /* AppDelegate.swift in Sources */,
				CD79E987272852F90025CF1B /* Constant.swift in Sources */,
				CD79E99327291DE90025CF1B /* LoginResponse.swift in Sources */,
				CD150936271F07A40020BD41 /* SceneDelegate.swift in Sources */,
				CD6AA9E5272163C500DA6013 /* HomeViewController.swift in Sources */,
				CD77567E27424F8800AC699A /* InterestResponse.swift in Sources */,
				CD0C06C227304A3B0020E858 /* InitNicknameViewController.swift in Sources */,
				CD693B36273F50BC0035C8D2 /* HomeResponse.swift in Sources */,
				CD6AA9F927266B1B00DA6013 /* OnboardingViewController.swift in Sources */,
				CD0C06BD272FBFFB0020E858 /* InitAgeGenderViewController.swift in Sources */,
				CD0C06B3272D2E770020E858 /* UIView.swift in Sources */,
				CD7CB9DB273819E7004620BB /* ReportViewController.swift in Sources */,
				CD77568027424F9800AC699A /* InterestDataManager.swift in Sources */,
				CD0C06B7272D85AB0020E858 /* InitInterestViewController.swift in Sources */,
				CD77567927413C7100AC699A /* ImageReceivingTableViewCell.swift in Sources */,
				CD2AA3CE2743C6860088FE49 /* PostUserInfoInput.swift in Sources */,
				CD15095927215B570020BD41 /* Key.swift in Sources */,
				CD2AA3D02743C69E0088FE49 /* PostUserInfoDataManager.swift in Sources */,
				CD79E99C272BF9C30025CF1B /* AppleLoginDataManager.swift in Sources */,
				CD77567527413C6100AC699A /* ImageSendingTableViewCell.swift in Sources */,
				CD6AA9FE2726F3EC00DA6013 /* OnboardingCollectionViewCell.swift in Sources */,
				CDD149D027317800002B2897 /* UIFont.swift in Sources */,
				CD297180273A1DB100B034F1 /* albumListTableViewCell.swift in Sources */,
				CD693B31273F4C140035C8D2 /* InitDetailInterestViewController.swift in Sources */,
				CD79E98F27291DA40025CF1B /* KakaoLoginDataManager.swift in Sources */,
				CD79E984272848EC0025CF1B /* AgreementViewController.swift in Sources */,
				CD79E989272853130025CF1B /* UIViewController.swift in Sources */,
				CD693B3C273F763E0035C8D2 /* SelectDrinkViewController.swift in Sources */,
				CDE9B5B8273FF7DE0098AF11 /* UIStackView.swift in Sources */,
			);
			runOnlyForDeploymentPostprocessing = 0;
		};
/* End PBXSourcesBuildPhase section */

/* Begin PBXVariantGroup section */
		CD15093E271F07A90020BD41 /* LaunchScreen.storyboard */ = {
			isa = PBXVariantGroup;
			children = (
				CD15093F271F07A90020BD41 /* Base */,
			);
			name = LaunchScreen.storyboard;
			sourceTree = "<group>";
		};
/* End PBXVariantGroup section */

/* Begin XCBuildConfiguration section */
		CD150942271F07A90020BD41 /* Debug */ = {
			isa = XCBuildConfiguration;
			buildSettings = {
				ALWAYS_SEARCH_USER_PATHS = NO;
				CLANG_ANALYZER_NONNULL = YES;
				CLANG_ANALYZER_NUMBER_OBJECT_CONVERSION = YES_AGGRESSIVE;
				CLANG_CXX_LANGUAGE_STANDARD = "gnu++14";
				CLANG_CXX_LIBRARY = "libc++";
				CLANG_ENABLE_MODULES = YES;
				CLANG_ENABLE_OBJC_ARC = YES;
				CLANG_ENABLE_OBJC_WEAK = YES;
				CLANG_WARN_BLOCK_CAPTURE_AUTORELEASING = YES;
				CLANG_WARN_BOOL_CONVERSION = YES;
				CLANG_WARN_COMMA = YES;
				CLANG_WARN_CONSTANT_CONVERSION = YES;
				CLANG_WARN_DEPRECATED_OBJC_IMPLEMENTATIONS = YES;
				CLANG_WARN_DIRECT_OBJC_ISA_USAGE = YES_ERROR;
				CLANG_WARN_DOCUMENTATION_COMMENTS = YES;
				CLANG_WARN_EMPTY_BODY = YES;
				CLANG_WARN_ENUM_CONVERSION = YES;
				CLANG_WARN_INFINITE_RECURSION = YES;
				CLANG_WARN_INT_CONVERSION = YES;
				CLANG_WARN_NON_LITERAL_NULL_CONVERSION = YES;
				CLANG_WARN_OBJC_IMPLICIT_RETAIN_SELF = YES;
				CLANG_WARN_OBJC_LITERAL_CONVERSION = YES;
				CLANG_WARN_OBJC_ROOT_CLASS = YES_ERROR;
				CLANG_WARN_QUOTED_INCLUDE_IN_FRAMEWORK_HEADER = YES;
				CLANG_WARN_RANGE_LOOP_ANALYSIS = YES;
				CLANG_WARN_STRICT_PROTOTYPES = YES;
				CLANG_WARN_SUSPICIOUS_MOVE = YES;
				CLANG_WARN_UNGUARDED_AVAILABILITY = YES_AGGRESSIVE;
				CLANG_WARN_UNREACHABLE_CODE = YES;
				CLANG_WARN__DUPLICATE_METHOD_MATCH = YES;
				COPY_PHASE_STRIP = NO;
				DEBUG_INFORMATION_FORMAT = dwarf;
				ENABLE_STRICT_OBJC_MSGSEND = YES;
				ENABLE_TESTABILITY = YES;
				GCC_C_LANGUAGE_STANDARD = gnu11;
				GCC_DYNAMIC_NO_PIC = NO;
				GCC_NO_COMMON_BLOCKS = YES;
				GCC_OPTIMIZATION_LEVEL = 0;
				GCC_PREPROCESSOR_DEFINITIONS = (
					"DEBUG=1",
					"$(inherited)",
				);
				GCC_WARN_64_TO_32_BIT_CONVERSION = YES;
				GCC_WARN_ABOUT_RETURN_TYPE = YES_ERROR;
				GCC_WARN_UNDECLARED_SELECTOR = YES;
				GCC_WARN_UNINITIALIZED_AUTOS = YES_AGGRESSIVE;
				GCC_WARN_UNUSED_FUNCTION = YES;
				GCC_WARN_UNUSED_VARIABLE = YES;
				IPHONEOS_DEPLOYMENT_TARGET = 14.5;
				MTL_ENABLE_DEBUG_INFO = INCLUDE_SOURCE;
				MTL_FAST_MATH = YES;
				ONLY_ACTIVE_ARCH = YES;
				SDKROOT = iphoneos;
				SWIFT_ACTIVE_COMPILATION_CONDITIONS = DEBUG;
				SWIFT_OPTIMIZATION_LEVEL = "-Onone";
			};
			name = Debug;
		};
		CD150943271F07A90020BD41 /* Release */ = {
			isa = XCBuildConfiguration;
			buildSettings = {
				ALWAYS_SEARCH_USER_PATHS = NO;
				CLANG_ANALYZER_NONNULL = YES;
				CLANG_ANALYZER_NUMBER_OBJECT_CONVERSION = YES_AGGRESSIVE;
				CLANG_CXX_LANGUAGE_STANDARD = "gnu++14";
				CLANG_CXX_LIBRARY = "libc++";
				CLANG_ENABLE_MODULES = YES;
				CLANG_ENABLE_OBJC_ARC = YES;
				CLANG_ENABLE_OBJC_WEAK = YES;
				CLANG_WARN_BLOCK_CAPTURE_AUTORELEASING = YES;
				CLANG_WARN_BOOL_CONVERSION = YES;
				CLANG_WARN_COMMA = YES;
				CLANG_WARN_CONSTANT_CONVERSION = YES;
				CLANG_WARN_DEPRECATED_OBJC_IMPLEMENTATIONS = YES;
				CLANG_WARN_DIRECT_OBJC_ISA_USAGE = YES_ERROR;
				CLANG_WARN_DOCUMENTATION_COMMENTS = YES;
				CLANG_WARN_EMPTY_BODY = YES;
				CLANG_WARN_ENUM_CONVERSION = YES;
				CLANG_WARN_INFINITE_RECURSION = YES;
				CLANG_WARN_INT_CONVERSION = YES;
				CLANG_WARN_NON_LITERAL_NULL_CONVERSION = YES;
				CLANG_WARN_OBJC_IMPLICIT_RETAIN_SELF = YES;
				CLANG_WARN_OBJC_LITERAL_CONVERSION = YES;
				CLANG_WARN_OBJC_ROOT_CLASS = YES_ERROR;
				CLANG_WARN_QUOTED_INCLUDE_IN_FRAMEWORK_HEADER = YES;
				CLANG_WARN_RANGE_LOOP_ANALYSIS = YES;
				CLANG_WARN_STRICT_PROTOTYPES = YES;
				CLANG_WARN_SUSPICIOUS_MOVE = YES;
				CLANG_WARN_UNGUARDED_AVAILABILITY = YES_AGGRESSIVE;
				CLANG_WARN_UNREACHABLE_CODE = YES;
				CLANG_WARN__DUPLICATE_METHOD_MATCH = YES;
				COPY_PHASE_STRIP = NO;
				DEBUG_INFORMATION_FORMAT = "dwarf-with-dsym";
				ENABLE_NS_ASSERTIONS = NO;
				ENABLE_STRICT_OBJC_MSGSEND = YES;
				GCC_C_LANGUAGE_STANDARD = gnu11;
				GCC_NO_COMMON_BLOCKS = YES;
				GCC_WARN_64_TO_32_BIT_CONVERSION = YES;
				GCC_WARN_ABOUT_RETURN_TYPE = YES_ERROR;
				GCC_WARN_UNDECLARED_SELECTOR = YES;
				GCC_WARN_UNINITIALIZED_AUTOS = YES_AGGRESSIVE;
				GCC_WARN_UNUSED_FUNCTION = YES;
				GCC_WARN_UNUSED_VARIABLE = YES;
				IPHONEOS_DEPLOYMENT_TARGET = 14.5;
				MTL_ENABLE_DEBUG_INFO = NO;
				MTL_FAST_MATH = YES;
				SDKROOT = iphoneos;
				SWIFT_COMPILATION_MODE = wholemodule;
				SWIFT_OPTIMIZATION_LEVEL = "-O";
				VALIDATE_PRODUCT = YES;
			};
			name = Release;
		};
		CD150945271F07A90020BD41 /* Debug */ = {
			isa = XCBuildConfiguration;
			baseConfigurationReference = 842749AD4B6D11BB002063B0 /* Pods-BlindCafe.debug.xcconfig */;
			buildSettings = {
				ASSETCATALOG_COMPILER_APPICON_NAME = AppIcon;
				ASSETCATALOG_COMPILER_GLOBAL_ACCENT_COLOR_NAME = AccentColor;
				BlindCafe_BundleID = com.abouttime.blindcafe.ios;
				BlindCafe_BundleName = BlindCafe;
				CODE_SIGN_ENTITLEMENTS = BlindCafe/BlindCafe.entitlements;
				CODE_SIGN_STYLE = Automatic;
				DEVELOPMENT_TEAM = 69F5355JYF;
				INFOPLIST_FILE = BlindCafe/Info.plist;
				IPHONEOS_DEPLOYMENT_TARGET = 14.0;
				LD_RUNPATH_SEARCH_PATHS = (
					"$(inherited)",
					"@executable_path/Frameworks",
				);
				PRODUCT_BUNDLE_IDENTIFIER = com.abouttime.blindcafe.ios;
				PRODUCT_NAME = "$(TARGET_NAME)";
				SWIFT_VERSION = 5.0;
				TARGETED_DEVICE_FAMILY = 1;
			};
			name = Debug;
		};
		CD150946271F07A90020BD41 /* Release */ = {
			isa = XCBuildConfiguration;
			baseConfigurationReference = 7093578DB156614D4972D7A7 /* Pods-BlindCafe.release.xcconfig */;
			buildSettings = {
				ASSETCATALOG_COMPILER_APPICON_NAME = AppIcon;
				ASSETCATALOG_COMPILER_GLOBAL_ACCENT_COLOR_NAME = AccentColor;
				BlindCafe_BundleID = com.abouttime.blindcafe.ios;
				BlindCafe_BundleName = BlindCafe;
				CODE_SIGN_ENTITLEMENTS = BlindCafe/BlindCafe.entitlements;
				CODE_SIGN_STYLE = Automatic;
				DEVELOPMENT_TEAM = 69F5355JYF;
				INFOPLIST_FILE = BlindCafe/Info.plist;
				IPHONEOS_DEPLOYMENT_TARGET = 14.0;
				LD_RUNPATH_SEARCH_PATHS = (
					"$(inherited)",
					"@executable_path/Frameworks",
				);
				PRODUCT_BUNDLE_IDENTIFIER = com.abouttime.blindcafe.ios;
				PRODUCT_NAME = "$(TARGET_NAME)";
				SWIFT_VERSION = 5.0;
				TARGETED_DEVICE_FAMILY = 1;
			};
			name = Release;
		};
		CD79E99D272BFD080025CF1B /* Inhouse */ = {
			isa = XCBuildConfiguration;
			buildSettings = {
				ALWAYS_SEARCH_USER_PATHS = NO;
				CLANG_ANALYZER_NONNULL = YES;
				CLANG_ANALYZER_NUMBER_OBJECT_CONVERSION = YES_AGGRESSIVE;
				CLANG_CXX_LANGUAGE_STANDARD = "gnu++14";
				CLANG_CXX_LIBRARY = "libc++";
				CLANG_ENABLE_MODULES = YES;
				CLANG_ENABLE_OBJC_ARC = YES;
				CLANG_ENABLE_OBJC_WEAK = YES;
				CLANG_WARN_BLOCK_CAPTURE_AUTORELEASING = YES;
				CLANG_WARN_BOOL_CONVERSION = YES;
				CLANG_WARN_COMMA = YES;
				CLANG_WARN_CONSTANT_CONVERSION = YES;
				CLANG_WARN_DEPRECATED_OBJC_IMPLEMENTATIONS = YES;
				CLANG_WARN_DIRECT_OBJC_ISA_USAGE = YES_ERROR;
				CLANG_WARN_DOCUMENTATION_COMMENTS = YES;
				CLANG_WARN_EMPTY_BODY = YES;
				CLANG_WARN_ENUM_CONVERSION = YES;
				CLANG_WARN_INFINITE_RECURSION = YES;
				CLANG_WARN_INT_CONVERSION = YES;
				CLANG_WARN_NON_LITERAL_NULL_CONVERSION = YES;
				CLANG_WARN_OBJC_IMPLICIT_RETAIN_SELF = YES;
				CLANG_WARN_OBJC_LITERAL_CONVERSION = YES;
				CLANG_WARN_OBJC_ROOT_CLASS = YES_ERROR;
				CLANG_WARN_QUOTED_INCLUDE_IN_FRAMEWORK_HEADER = YES;
				CLANG_WARN_RANGE_LOOP_ANALYSIS = YES;
				CLANG_WARN_STRICT_PROTOTYPES = YES;
				CLANG_WARN_SUSPICIOUS_MOVE = YES;
				CLANG_WARN_UNGUARDED_AVAILABILITY = YES_AGGRESSIVE;
				CLANG_WARN_UNREACHABLE_CODE = YES;
				CLANG_WARN__DUPLICATE_METHOD_MATCH = YES;
				COPY_PHASE_STRIP = NO;
				DEBUG_INFORMATION_FORMAT = dwarf;
				ENABLE_STRICT_OBJC_MSGSEND = YES;
				ENABLE_TESTABILITY = YES;
				GCC_C_LANGUAGE_STANDARD = gnu11;
				GCC_DYNAMIC_NO_PIC = NO;
				GCC_NO_COMMON_BLOCKS = YES;
				GCC_OPTIMIZATION_LEVEL = 0;
				GCC_PREPROCESSOR_DEFINITIONS = (
					"DEBUG=1",
					"$(inherited)",
				);
				GCC_WARN_64_TO_32_BIT_CONVERSION = YES;
				GCC_WARN_ABOUT_RETURN_TYPE = YES_ERROR;
				GCC_WARN_UNDECLARED_SELECTOR = YES;
				GCC_WARN_UNINITIALIZED_AUTOS = YES_AGGRESSIVE;
				GCC_WARN_UNUSED_FUNCTION = YES;
				GCC_WARN_UNUSED_VARIABLE = YES;
				IPHONEOS_DEPLOYMENT_TARGET = 14.5;
				MTL_ENABLE_DEBUG_INFO = INCLUDE_SOURCE;
				MTL_FAST_MATH = YES;
				ONLY_ACTIVE_ARCH = YES;
				SDKROOT = iphoneos;
				SWIFT_ACTIVE_COMPILATION_CONDITIONS = DEBUG;
				SWIFT_OPTIMIZATION_LEVEL = "-Onone";
			};
			name = Inhouse;
		};
		CD79E99E272BFD080025CF1B /* Inhouse */ = {
			isa = XCBuildConfiguration;
			baseConfigurationReference = F44303AD68DB09BAD42D0B43 /* Pods-BlindCafe.inhouse.xcconfig */;
			buildSettings = {
				ASSETCATALOG_COMPILER_APPICON_NAME = AppIcon;
				ASSETCATALOG_COMPILER_GLOBAL_ACCENT_COLOR_NAME = AccentColor;
				BlindCafe_BundleID = com.abouttime.blindcafe.inhouse;
				BlindCafe_BundleName = BlindCafe_Inhouse;
				CODE_SIGN_ENTITLEMENTS = BlindCafe/BlindCafe.entitlements;
				CODE_SIGN_STYLE = Automatic;
				DEVELOPMENT_TEAM = 69F5355JYF;
				INFOPLIST_FILE = BlindCafe/Info.plist;
				IPHONEOS_DEPLOYMENT_TARGET = 14.0;
				LD_RUNPATH_SEARCH_PATHS = (
					"$(inherited)",
					"@executable_path/Frameworks",
				);
				PRODUCT_BUNDLE_IDENTIFIER = com.abouttime.blindcafe.ios;
				PRODUCT_NAME = "$(TARGET_NAME)";
				SWIFT_VERSION = 5.0;
				TARGETED_DEVICE_FAMILY = 1;
			};
			name = Inhouse;
		};
/* End XCBuildConfiguration section */

/* Begin XCConfigurationList section */
		CD15092B271F07A40020BD41 /* Build configuration list for PBXProject "BlindCafe" */ = {
			isa = XCConfigurationList;
			buildConfigurations = (
				CD150942271F07A90020BD41 /* Debug */,
				CD79E99D272BFD080025CF1B /* Inhouse */,
				CD150943271F07A90020BD41 /* Release */,
			);
			defaultConfigurationIsVisible = 0;
			defaultConfigurationName = Release;
		};
		CD150944271F07A90020BD41 /* Build configuration list for PBXNativeTarget "BlindCafe" */ = {
			isa = XCConfigurationList;
			buildConfigurations = (
				CD150945271F07A90020BD41 /* Debug */,
				CD79E99E272BFD080025CF1B /* Inhouse */,
				CD150946271F07A90020BD41 /* Release */,
			);
			defaultConfigurationIsVisible = 0;
			defaultConfigurationName = Release;
		};
/* End XCConfigurationList section */
	};
	rootObject = CD150928271F07A40020BD41 /* Project object */;
}
